// !$*UTF8*$!
{
	archiveVersion = 1;
	classes = {
	};
	objectVersion = 48;
	objects = {

/* Begin PBXBuildFile section */
		34F4F4D7BC8CE37FA180B400 /* DashboardModuleInteractor.swift in Sources */ = {isa = PBXBuildFile; fileRef = 3131B216C45BC1724B0DE6E7 /* DashboardModuleInteractor.swift */; };
		95A5C5C9A03B82A53CAD2B0B /* DashboardModuleView.swift in Sources */ = {isa = PBXBuildFile; fileRef = 9CEE98FD9C1ED5F8CCD3FB78 /* DashboardModuleView.swift */; };
		A01346FFC35D8AD3FBFDD3F8 /* DashboardModuleWireframe.swift in Sources */ = {isa = PBXBuildFile; fileRef = 9C8D75F5ACCE8A3518B0E9AF /* DashboardModuleWireframe.swift */; };
		B70097378E649EDAFACAE358 /* DashboardModuleViewController.swift in Sources */ = {isa = PBXBuildFile; fileRef = B3F62872D719EAB14030C0A5 /* DashboardModuleViewController.swift */; };
		BF0BA8AA213238820063D3E1 /* BaseButton.swift in Sources */ = {isa = PBXBuildFile; fileRef = BF0BA888213238820063D3E1 /* BaseButton.swift */; };
		BF0BA8AB213238820063D3E1 /* CustomTabBar.swift in Sources */ = {isa = PBXBuildFile; fileRef = BF0BA88A213238820063D3E1 /* CustomTabBar.swift */; };
		BF0BA8AC213238820063D3E1 /* ForceCast.swift in Sources */ = {isa = PBXBuildFile; fileRef = BF0BA88C213238820063D3E1 /* ForceCast.swift */; };
		BF0BA8AD213238820063D3E1 /* Extensions.swift in Sources */ = {isa = PBXBuildFile; fileRef = BF0BA88D213238820063D3E1 /* Extensions.swift */; };
		BF0BA8B3213238820063D3E1 /* BasePresenterInput.swift in Sources */ = {isa = PBXBuildFile; fileRef = BF0BA89B213238820063D3E1 /* BasePresenterInput.swift */; };
		BF0BA8B4213238820063D3E1 /* BaseWireframe.swift in Sources */ = {isa = PBXBuildFile; fileRef = BF0BA89D213238820063D3E1 /* BaseWireframe.swift */; };
		BF0BA8B5213238820063D3E1 /* BaseCollectionViewCell.swift in Sources */ = {isa = PBXBuildFile; fileRef = BF0BA89F213238820063D3E1 /* BaseCollectionViewCell.swift */; };
		BF0BA8B6213238820063D3E1 /* BaseViewInput.swift in Sources */ = {isa = PBXBuildFile; fileRef = BF0BA8A0213238820063D3E1 /* BaseViewInput.swift */; };
		BF0BA8B7213238820063D3E1 /* BaseInteractorInput.swift in Sources */ = {isa = PBXBuildFile; fileRef = BF0BA8A2213238820063D3E1 /* BaseInteractorInput.swift */; };
		BF0BA8B8213238820063D3E1 /* ColorProvider.swift in Sources */ = {isa = PBXBuildFile; fileRef = BF0BA8A4213238820063D3E1 /* ColorProvider.swift */; };
		BF0BA8B9213238820063D3E1 /* FontProvider.swift in Sources */ = {isa = PBXBuildFile; fileRef = BF0BA8A5213238820063D3E1 /* FontProvider.swift */; };
		BF0BA8BA213238820063D3E1 /* BaseViewController.swift in Sources */ = {isa = PBXBuildFile; fileRef = BF0BA8A8213238820063D3E1 /* BaseViewController.swift */; };
		BF0BA8BB213238820063D3E1 /* NavigationController.swift in Sources */ = {isa = PBXBuildFile; fileRef = BF0BA8A9213238820063D3E1 /* NavigationController.swift */; };
		BF3084D3213243220022D6A7 /* Localizable.strings in Resources */ = {isa = PBXBuildFile; fileRef = BF3084D2213243220022D6A7 /* Localizable.strings */; };
		BF35F19224369AC40017B422 /* R.generated.swift in Sources */ = {isa = PBXBuildFile; fileRef = BF35F19124369AC40017B422 /* R.generated.swift */; };
		BF35F1A324369C620017B422 /* APIErrorCode.swift in Sources */ = {isa = PBXBuildFile; fileRef = BF35F19424369C620017B422 /* APIErrorCode.swift */; };
		BF35F1A424369C620017B422 /* APIClient.swift in Sources */ = {isa = PBXBuildFile; fileRef = BF35F19524369C620017B422 /* APIClient.swift */; };
		BF35F1A524369C620017B422 /* ServerInformation.plist in Resources */ = {isa = PBXBuildFile; fileRef = BF35F19624369C620017B422 /* ServerInformation.plist */; };
		BF35F1A724369C620017B422 /* MovieNowPlayingResponse.swift in Sources */ = {isa = PBXBuildFile; fileRef = BF35F19924369C620017B422 /* MovieNowPlayingResponse.swift */; };
		BF35F1A824369C620017B422 /* BaseRequest.swift in Sources */ = {isa = PBXBuildFile; fileRef = BF35F19B24369C620017B422 /* BaseRequest.swift */; };
		BF35F1AA24369C620017B422 /* MovieNowPlayingRequest.swift in Sources */ = {isa = PBXBuildFile; fileRef = BF35F19F24369C620017B422 /* MovieNowPlayingRequest.swift */; };
		BF35F1AB24369C620017B422 /* BlockoError.swift in Sources */ = {isa = PBXBuildFile; fileRef = BF35F1A024369C620017B422 /* BlockoError.swift */; };
		BF35F1AC24369C620017B422 /* BaseInteractorProtocol.swift in Sources */ = {isa = PBXBuildFile; fileRef = BF35F1A224369C620017B422 /* BaseInteractorProtocol.swift */; };
		BF35F1B02436A19D0017B422 /* Connectivity.swift in Sources */ = {isa = PBXBuildFile; fileRef = BF35F1AF2436A19D0017B422 /* Connectivity.swift */; };
		BF35F1B22436A30B0017B422 /* LumberjackLogFormatter.swift in Sources */ = {isa = PBXBuildFile; fileRef = BF35F1B12436A30B0017B422 /* LumberjackLogFormatter.swift */; };
		BF35F1B42436A3380017B422 /* EnumEntities.swift in Sources */ = {isa = PBXBuildFile; fileRef = BF35F1B32436A3380017B422 /* EnumEntities.swift */; };
		BF35F1B62436A7920017B422 /* BaseProvider.swift in Sources */ = {isa = PBXBuildFile; fileRef = BF35F1B52436A7920017B422 /* BaseProvider.swift */; };
		BFE1FCDA21322B66005EE8CD /* AppDelegate.swift in Sources */ = {isa = PBXBuildFile; fileRef = BFE1FCD921322B66005EE8CD /* AppDelegate.swift */; };
		BFE1FCDC21322B66005EE8CD /* ViewController.swift in Sources */ = {isa = PBXBuildFile; fileRef = BFE1FCDB21322B66005EE8CD /* ViewController.swift */; };
		BFE1FCDF21322B66005EE8CD /* Main.storyboard in Resources */ = {isa = PBXBuildFile; fileRef = BFE1FCDD21322B66005EE8CD /* Main.storyboard */; };
		BFE1FCE121322B6B005EE8CD /* Assets.xcassets in Resources */ = {isa = PBXBuildFile; fileRef = BFE1FCE021322B6B005EE8CD /* Assets.xcassets */; };
		BFE1FCE421322B6B005EE8CD /* LaunchScreen.storyboard in Resources */ = {isa = PBXBuildFile; fileRef = BFE1FCE221322B6B005EE8CD /* LaunchScreen.storyboard */; };
		C15DDAC2C995977E8E30EA78 /* DashboardModulePresenter.swift in Sources */ = {isa = PBXBuildFile; fileRef = 32C985AC39BFBEB60F0C271B /* DashboardModulePresenter.swift */; };
		F2B5BFFA170BB1717B95E0D0 /* Pods_blocko.framework in Frameworks */ = {isa = PBXBuildFile; fileRef = B7A86B544A339B2221AA4B40 /* Pods_blocko.framework */; };
/* End PBXBuildFile section */

/* Begin PBXFileReference section */
		01B704D810E1821B2BC0A327 /* Pods-blockoTests.release.xcconfig */ = {isa = PBXFileReference; includeInIndex = 1; lastKnownFileType = text.xcconfig; name = "Pods-blockoTests.release.xcconfig"; path = "Pods/Target Support Files/Pods-blockoTests/Pods-blockoTests.release.xcconfig"; sourceTree = "<group>"; };
		3131B216C45BC1724B0DE6E7 /* DashboardModuleInteractor.swift */ = {isa = PBXFileReference; includeInIndex = 1; lastKnownFileType = sourcecode.swift; path = DashboardModuleInteractor.swift; sourceTree = "<group>"; };
		32C985AC39BFBEB60F0C271B /* DashboardModulePresenter.swift */ = {isa = PBXFileReference; includeInIndex = 1; lastKnownFileType = sourcecode.swift; path = DashboardModulePresenter.swift; sourceTree = "<group>"; };
		36EB488BF0AC339731CADA58 /* Pods-blocko.debug.xcconfig */ = {isa = PBXFileReference; includeInIndex = 1; lastKnownFileType = text.xcconfig; name = "Pods-blocko.debug.xcconfig"; path = "Pods/Target Support Files/Pods-blocko/Pods-blocko.debug.xcconfig"; sourceTree = "<group>"; };
		443A9BAC6FD22A1E4BB23CBC /* DashboardModulePresenterTests.swift */ = {isa = PBXFileReference; includeInIndex = 1; lastKnownFileType = sourcecode.swift; path = DashboardModulePresenterTests.swift; sourceTree = "<group>"; };
		44F793C923B38EF4F6CF7CE0 /* DashboardModuleInteractorTests.swift */ = {isa = PBXFileReference; includeInIndex = 1; lastKnownFileType = sourcecode.swift; path = DashboardModuleInteractorTests.swift; sourceTree = "<group>"; };
		48363E652CFAB952AD6F321A /* Pods-blockoTests.debug.xcconfig */ = {isa = PBXFileReference; includeInIndex = 1; lastKnownFileType = text.xcconfig; name = "Pods-blockoTests.debug.xcconfig"; path = "Pods/Target Support Files/Pods-blockoTests/Pods-blockoTests.debug.xcconfig"; sourceTree = "<group>"; };
		9C8D75F5ACCE8A3518B0E9AF /* DashboardModuleWireframe.swift */ = {isa = PBXFileReference; includeInIndex = 1; lastKnownFileType = sourcecode.swift; path = DashboardModuleWireframe.swift; sourceTree = "<group>"; };
		9CEE98FD9C1ED5F8CCD3FB78 /* DashboardModuleView.swift */ = {isa = PBXFileReference; includeInIndex = 1; lastKnownFileType = sourcecode.swift; path = DashboardModuleView.swift; sourceTree = "<group>"; };
		B21AE3C85CCE2A1DB6DDD71D /* Pods-blocko.release.xcconfig */ = {isa = PBXFileReference; includeInIndex = 1; lastKnownFileType = text.xcconfig; name = "Pods-blocko.release.xcconfig"; path = "Pods/Target Support Files/Pods-blocko/Pods-blocko.release.xcconfig"; sourceTree = "<group>"; };
		B3F62872D719EAB14030C0A5 /* DashboardModuleViewController.swift */ = {isa = PBXFileReference; includeInIndex = 1; lastKnownFileType = sourcecode.swift; path = DashboardModuleViewController.swift; sourceTree = "<group>"; };
		B7A86B544A339B2221AA4B40 /* Pods_blocko.framework */ = {isa = PBXFileReference; explicitFileType = wrapper.framework; includeInIndex = 0; path = Pods_blocko.framework; sourceTree = BUILT_PRODUCTS_DIR; };
		BF0BA888213238820063D3E1 /* BaseButton.swift */ = {isa = PBXFileReference; fileEncoding = 4; lastKnownFileType = sourcecode.swift; path = BaseButton.swift; sourceTree = "<group>"; };
		BF0BA88A213238820063D3E1 /* CustomTabBar.swift */ = {isa = PBXFileReference; fileEncoding = 4; lastKnownFileType = sourcecode.swift; path = CustomTabBar.swift; sourceTree = "<group>"; };
		BF0BA88C213238820063D3E1 /* ForceCast.swift */ = {isa = PBXFileReference; fileEncoding = 4; lastKnownFileType = sourcecode.swift; path = ForceCast.swift; sourceTree = "<group>"; };
		BF0BA88D213238820063D3E1 /* Extensions.swift */ = {isa = PBXFileReference; fileEncoding = 4; lastKnownFileType = sourcecode.swift; path = Extensions.swift; sourceTree = "<group>"; };
		BF0BA89B213238820063D3E1 /* BasePresenterInput.swift */ = {isa = PBXFileReference; fileEncoding = 4; lastKnownFileType = sourcecode.swift; path = BasePresenterInput.swift; sourceTree = "<group>"; };
		BF0BA89D213238820063D3E1 /* BaseWireframe.swift */ = {isa = PBXFileReference; fileEncoding = 4; lastKnownFileType = sourcecode.swift; path = BaseWireframe.swift; sourceTree = "<group>"; };
		BF0BA89F213238820063D3E1 /* BaseCollectionViewCell.swift */ = {isa = PBXFileReference; fileEncoding = 4; lastKnownFileType = sourcecode.swift; path = BaseCollectionViewCell.swift; sourceTree = "<group>"; };
		BF0BA8A0213238820063D3E1 /* BaseViewInput.swift */ = {isa = PBXFileReference; fileEncoding = 4; lastKnownFileType = sourcecode.swift; path = BaseViewInput.swift; sourceTree = "<group>"; };
		BF0BA8A2213238820063D3E1 /* BaseInteractorInput.swift */ = {isa = PBXFileReference; fileEncoding = 4; lastKnownFileType = sourcecode.swift; path = BaseInteractorInput.swift; sourceTree = "<group>"; };
		BF0BA8A4213238820063D3E1 /* ColorProvider.swift */ = {isa = PBXFileReference; fileEncoding = 4; lastKnownFileType = sourcecode.swift; path = ColorProvider.swift; sourceTree = "<group>"; };
		BF0BA8A5213238820063D3E1 /* FontProvider.swift */ = {isa = PBXFileReference; fileEncoding = 4; lastKnownFileType = sourcecode.swift; path = FontProvider.swift; sourceTree = "<group>"; };
		BF0BA8A8213238820063D3E1 /* BaseViewController.swift */ = {isa = PBXFileReference; fileEncoding = 4; lastKnownFileType = sourcecode.swift; path = BaseViewController.swift; sourceTree = "<group>"; };
		BF0BA8A9213238820063D3E1 /* NavigationController.swift */ = {isa = PBXFileReference; fileEncoding = 4; lastKnownFileType = sourcecode.swift; path = NavigationController.swift; sourceTree = "<group>"; };
		BF3084D2213243220022D6A7 /* Localizable.strings */ = {isa = PBXFileReference; fileEncoding = 4; lastKnownFileType = text.plist.strings; path = Localizable.strings; sourceTree = "<group>"; };
		BF35F19124369AC40017B422 /* R.generated.swift */ = {isa = PBXFileReference; fileEncoding = 4; lastKnownFileType = sourcecode.swift; name = R.generated.swift; path = "Supporting Files/R.generated.swift"; sourceTree = SOURCE_ROOT; };
		BF35F19424369C620017B422 /* APIErrorCode.swift */ = {isa = PBXFileReference; fileEncoding = 4; lastKnownFileType = sourcecode.swift; path = APIErrorCode.swift; sourceTree = "<group>"; };
		BF35F19524369C620017B422 /* APIClient.swift */ = {isa = PBXFileReference; fileEncoding = 4; lastKnownFileType = sourcecode.swift; path = APIClient.swift; sourceTree = "<group>"; };
		BF35F19624369C620017B422 /* ServerInformation.plist */ = {isa = PBXFileReference; fileEncoding = 4; lastKnownFileType = text.plist.xml; path = ServerInformation.plist; sourceTree = "<group>"; };
		BF35F19924369C620017B422 /* MovieNowPlayingResponse.swift */ = {isa = PBXFileReference; fileEncoding = 4; lastKnownFileType = sourcecode.swift; name = MovieNowPlayingResponse.swift; path = ../MovieNowPlayingResponse.swift; sourceTree = "<group>"; };
		BF35F19B24369C620017B422 /* BaseRequest.swift */ = {isa = PBXFileReference; fileEncoding = 4; lastKnownFileType = sourcecode.swift; path = BaseRequest.swift; sourceTree = "<group>"; };
		BF35F19F24369C620017B422 /* MovieNowPlayingRequest.swift */ = {isa = PBXFileReference; fileEncoding = 4; lastKnownFileType = sourcecode.swift; path = MovieNowPlayingRequest.swift; sourceTree = "<group>"; };
		BF35F1A024369C620017B422 /* BlockoError.swift */ = {isa = PBXFileReference; fileEncoding = 4; lastKnownFileType = sourcecode.swift; path = BlockoError.swift; sourceTree = "<group>"; };
		BF35F1A224369C620017B422 /* BaseInteractorProtocol.swift */ = {isa = PBXFileReference; fileEncoding = 4; lastKnownFileType = sourcecode.swift; path = BaseInteractorProtocol.swift; sourceTree = "<group>"; };
		BF35F1AF2436A19D0017B422 /* Connectivity.swift */ = {isa = PBXFileReference; lastKnownFileType = sourcecode.swift; path = Connectivity.swift; sourceTree = "<group>"; };
		BF35F1B12436A30B0017B422 /* LumberjackLogFormatter.swift */ = {isa = PBXFileReference; lastKnownFileType = sourcecode.swift; path = LumberjackLogFormatter.swift; sourceTree = "<group>"; };
		BF35F1B32436A3380017B422 /* EnumEntities.swift */ = {isa = PBXFileReference; lastKnownFileType = sourcecode.swift; path = EnumEntities.swift; sourceTree = "<group>"; };
		BF35F1B52436A7920017B422 /* BaseProvider.swift */ = {isa = PBXFileReference; lastKnownFileType = sourcecode.swift; path = BaseProvider.swift; sourceTree = "<group>"; };
		BFE1FCD621322B66005EE8CD /* blocko.app */ = {isa = PBXFileReference; explicitFileType = wrapper.application; includeInIndex = 0; path = blocko.app; sourceTree = BUILT_PRODUCTS_DIR; };
		BFE1FCD921322B66005EE8CD /* AppDelegate.swift */ = {isa = PBXFileReference; lastKnownFileType = sourcecode.swift; path = AppDelegate.swift; sourceTree = "<group>"; };
		BFE1FCDB21322B66005EE8CD /* ViewController.swift */ = {isa = PBXFileReference; lastKnownFileType = sourcecode.swift; path = ViewController.swift; sourceTree = "<group>"; };
		BFE1FCDE21322B66005EE8CD /* Base */ = {isa = PBXFileReference; lastKnownFileType = file.storyboard; name = Base; path = Base.lproj/Main.storyboard; sourceTree = "<group>"; };
		BFE1FCE021322B6B005EE8CD /* Assets.xcassets */ = {isa = PBXFileReference; lastKnownFileType = folder.assetcatalog; path = Assets.xcassets; sourceTree = "<group>"; };
		BFE1FCE321322B6B005EE8CD /* Base */ = {isa = PBXFileReference; lastKnownFileType = file.storyboard; name = Base; path = Base.lproj/LaunchScreen.storyboard; sourceTree = "<group>"; };
		BFE1FCE521322B6B005EE8CD /* Info.plist */ = {isa = PBXFileReference; lastKnownFileType = text.plist.xml; path = Info.plist; sourceTree = "<group>"; };
		BFE1FCEE21322B6C005EE8CD /* blockoTests.swift */ = {isa = PBXFileReference; lastKnownFileType = sourcecode.swift; path = blockoTests.swift; sourceTree = "<group>"; };
		BFE1FCF021322B6C005EE8CD /* Info.plist */ = {isa = PBXFileReference; lastKnownFileType = text.plist.xml; path = Info.plist; sourceTree = "<group>"; };
		BFE1FCF921322B6C005EE8CD /* blockoUITests.swift */ = {isa = PBXFileReference; lastKnownFileType = sourcecode.swift; path = blockoUITests.swift; sourceTree = "<group>"; };
		BFE1FCFB21322B6C005EE8CD /* Info.plist */ = {isa = PBXFileReference; lastKnownFileType = text.plist.xml; path = Info.plist; sourceTree = "<group>"; };
/* End PBXFileReference section */

/* Begin PBXFrameworksBuildPhase section */
		BFE1FCD321322B66005EE8CD /* Frameworks */ = {
			isa = PBXFrameworksBuildPhase;
			buildActionMask = 2147483647;
			files = (
				F2B5BFFA170BB1717B95E0D0 /* Pods_blocko.framework in Frameworks */,
			);
			runOnlyForDeploymentPostprocessing = 0;
		};
/* End PBXFrameworksBuildPhase section */

/* Begin PBXGroup section */
		0299C12C4138DC8771A847FA /* Frameworks */ = {
			isa = PBXGroup;
			children = (
				B7A86B544A339B2221AA4B40 /* Pods_blocko.framework */,
			);
			name = Frameworks;
			sourceTree = "<group>";
		};
		0CB133226B57A3B156A5B3EC /* Tests */ = {
			isa = PBXGroup;
			children = (
				F948072B02337187981BFB6B /* DashboardModule */,
			);
			path = Tests;
			sourceTree = "<group>";
		};
		35B2FA27C52DE5B7569AA161 /* Pods */ = {
			isa = PBXGroup;
			children = (
				36EB488BF0AC339731CADA58 /* Pods-blocko.debug.xcconfig */,
				B21AE3C85CCE2A1DB6DDD71D /* Pods-blocko.release.xcconfig */,
				48363E652CFAB952AD6F321A /* Pods-blockoTests.debug.xcconfig */,
				01B704D810E1821B2BC0A327 /* Pods-blockoTests.release.xcconfig */,
			);
			name = Pods;
			sourceTree = "<group>";
		};
		60D052D24F5688B7A4CF1376 /* DashboardModule */ = {
			isa = PBXGroup;
			children = (
				8FA3FA766AAC98CF6BDB2C27 /* View */,
				7FD8B39B623D23001E3D8464 /* Presenter */,
				D369805061865402D2C55A90 /* Interactor */,
				ACF139C9CF7A73B0F3F3BC07 /* Wireframe */,
			);
			path = DashboardModule;
			sourceTree = "<group>";
		};
		7FD8B39B623D23001E3D8464 /* Presenter */ = {
			isa = PBXGroup;
			children = (
				32C985AC39BFBEB60F0C271B /* DashboardModulePresenter.swift */,
			);
			path = Presenter;
			sourceTree = "<group>";
		};
		85219A9438AA79E9F83B3D71 /* Presenter */ = {
			isa = PBXGroup;
			children = (
				443A9BAC6FD22A1E4BB23CBC /* DashboardModulePresenterTests.swift */,
			);
			path = Presenter;
			sourceTree = "<group>";
		};
		8FA3FA766AAC98CF6BDB2C27 /* View */ = {
			isa = PBXGroup;
			children = (
				B3F62872D719EAB14030C0A5 /* DashboardModuleViewController.swift */,
				9CEE98FD9C1ED5F8CCD3FB78 /* DashboardModuleView.swift */,
			);
			path = View;
			sourceTree = "<group>";
		};
		ACF139C9CF7A73B0F3F3BC07 /* Wireframe */ = {
			isa = PBXGroup;
			children = (
				9C8D75F5ACCE8A3518B0E9AF /* DashboardModuleWireframe.swift */,
			);
			path = Wireframe;
			sourceTree = "<group>";
		};
		BF0BA886213238820063D3E1 /* CustomView */ = {
			isa = PBXGroup;
			children = (
				BF0BA887213238820063D3E1 /* Buttons */,
				BF0BA889213238820063D3E1 /* TabBar */,
			);
			path = CustomView;
			sourceTree = "<group>";
		};
		BF0BA887213238820063D3E1 /* Buttons */ = {
			isa = PBXGroup;
			children = (
				BF0BA888213238820063D3E1 /* BaseButton.swift */,
			);
			path = Buttons;
			sourceTree = "<group>";
		};
		BF0BA889213238820063D3E1 /* TabBar */ = {
			isa = PBXGroup;
			children = (
				BF0BA88A213238820063D3E1 /* CustomTabBar.swift */,
			);
			path = TabBar;
			sourceTree = "<group>";
		};
		BF0BA88B213238820063D3E1 /* Helpers */ = {
			isa = PBXGroup;
			children = (
				BF0BA88D213238820063D3E1 /* Extensions.swift */,
				BF0BA88C213238820063D3E1 /* ForceCast.swift */,
				BF35F1B12436A30B0017B422 /* LumberjackLogFormatter.swift */,
				BF35F1B32436A3380017B422 /* EnumEntities.swift */,
			);
			path = Helpers;
			sourceTree = "<group>";
		};
		BF0BA88E213238820063D3E1 /* Modules */ = {
			isa = PBXGroup;
			children = (
				BF0BA899213238820063D3E1 /* Base */,
				60D052D24F5688B7A4CF1376 /* DashboardModule */,
			);
			path = Modules;
			sourceTree = "<group>";
		};
		BF0BA899213238820063D3E1 /* Base */ = {
			isa = PBXGroup;
			children = (
				BF0BA8A1213238820063D3E1 /* Interactor */,
				BF0BA89A213238820063D3E1 /* Presenter */,
				BF0BA89E213238820063D3E1 /* View */,
				BF0BA89C213238820063D3E1 /* Wireframe */,
			);
			path = Base;
			sourceTree = "<group>";
		};
		BF0BA89A213238820063D3E1 /* Presenter */ = {
			isa = PBXGroup;
			children = (
				BF0BA89B213238820063D3E1 /* BasePresenterInput.swift */,
			);
			path = Presenter;
			sourceTree = "<group>";
		};
		BF0BA89C213238820063D3E1 /* Wireframe */ = {
			isa = PBXGroup;
			children = (
				BF0BA89D213238820063D3E1 /* BaseWireframe.swift */,
			);
			path = Wireframe;
			sourceTree = "<group>";
		};
		BF0BA89E213238820063D3E1 /* View */ = {
			isa = PBXGroup;
			children = (
				BF0BA89F213238820063D3E1 /* BaseCollectionViewCell.swift */,
				BF0BA8A0213238820063D3E1 /* BaseViewInput.swift */,
			);
			path = View;
			sourceTree = "<group>";
		};
		BF0BA8A1213238820063D3E1 /* Interactor */ = {
			isa = PBXGroup;
			children = (
				BF0BA8A2213238820063D3E1 /* BaseInteractorInput.swift */,
			);
			path = Interactor;
			sourceTree = "<group>";
		};
		BF0BA8A3213238820063D3E1 /* Style */ = {
			isa = PBXGroup;
			children = (
				BF0BA8A4213238820063D3E1 /* ColorProvider.swift */,
				BF0BA8A5213238820063D3E1 /* FontProvider.swift */,
			);
			path = Style;
			sourceTree = "<group>";
		};
		BF0BA8A6213238820063D3E1 /* ViewControllers */ = {
			isa = PBXGroup;
			children = (
				BF0BA8A7213238820063D3E1 /* Base */,
			);
			path = ViewControllers;
			sourceTree = "<group>";
		};
		BF0BA8A7213238820063D3E1 /* Base */ = {
			isa = PBXGroup;
			children = (
				BF0BA8A8213238820063D3E1 /* BaseViewController.swift */,
				BF0BA8A9213238820063D3E1 /* NavigationController.swift */,
			);
			path = Base;
			sourceTree = "<group>";
		};
		BF35F19324369C620017B422 /* API */ = {
			isa = PBXGroup;
			children = (
				BF35F19524369C620017B422 /* APIClient.swift */,
				BF35F19424369C620017B422 /* APIErrorCode.swift */,
				BF35F1A024369C620017B422 /* BlockoError.swift */,
				BF35F1A124369C620017B422 /* Protocols */,
				BF35F19A24369C620017B422 /* Requests */,
				BF35F19724369C620017B422 /* Responses */,
				BF35F19624369C620017B422 /* ServerInformation.plist */,
				BF35F1AE2436A1920017B422 /* Tools */,
				BF35F1B52436A7920017B422 /* BaseProvider.swift */,
			);
			path = API;
			sourceTree = "<group>";
		};
		BF35F19724369C620017B422 /* Responses */ = {
			isa = PBXGroup;
			children = (
				BF35F1AD24369E8F0017B422 /* NowPlaying */,
			);
			path = Responses;
			sourceTree = "<group>";
		};
		BF35F19A24369C620017B422 /* Requests */ = {
			isa = PBXGroup;
			children = (
				BF35F19B24369C620017B422 /* BaseRequest.swift */,
				BF35F19E24369C620017B422 /* NowPlaying */,
			);
			path = Requests;
			sourceTree = "<group>";
		};
		BF35F19E24369C620017B422 /* NowPlaying */ = {
			isa = PBXGroup;
			children = (
				BF35F19F24369C620017B422 /* MovieNowPlayingRequest.swift */,
			);
			path = NowPlaying;
			sourceTree = "<group>";
		};
		BF35F1A124369C620017B422 /* Protocols */ = {
			isa = PBXGroup;
			children = (
				BF35F1A224369C620017B422 /* BaseInteractorProtocol.swift */,
			);
			path = Protocols;
			sourceTree = "<group>";
		};
		BF35F1AD24369E8F0017B422 /* NowPlaying */ = {
			isa = PBXGroup;
			children = (
				BF35F19924369C620017B422 /* MovieNowPlayingResponse.swift */,
			);
			path = NowPlaying;
			sourceTree = "<group>";
		};
		BF35F1AE2436A1920017B422 /* Tools */ = {
			isa = PBXGroup;
			children = (
				BF35F1AF2436A19D0017B422 /* Connectivity.swift */,
			);
			path = Tools;
			sourceTree = "<group>";
		};
		BF41E4EF2132376200943DA3 /* Supporting Files */ = {
			isa = PBXGroup;
			children = (
				BFE1FCD921322B66005EE8CD /* AppDelegate.swift */,
				BFE1FCE021322B6B005EE8CD /* Assets.xcassets */,
				BFE1FCE521322B6B005EE8CD /* Info.plist */,
				BFE1FCE221322B6B005EE8CD /* LaunchScreen.storyboard */,
				BF3084D2213243220022D6A7 /* Localizable.strings */,
				BFE1FCDD21322B66005EE8CD /* Main.storyboard */,
				BF35F19124369AC40017B422 /* R.generated.swift */,
				BFE1FCDB21322B66005EE8CD /* ViewController.swift */,
			);
			path = "Supporting Files";
			sourceTree = "<group>";
		};
		BFE1FCCD21322B66005EE8CD = {
			isa = PBXGroup;
			children = (
				BFE1FCD821322B66005EE8CD /* blocko */,
				BFE1FCED21322B6C005EE8CD /* blockoTests */,
				BFE1FCF821322B6C005EE8CD /* blockoUITests */,
				35B2FA27C52DE5B7569AA161 /* Pods */,
				BFE1FCD721322B66005EE8CD /* Products */,
				0299C12C4138DC8771A847FA /* Frameworks */,
			);
			sourceTree = "<group>";
		};
		BFE1FCD721322B66005EE8CD /* Products */ = {
			isa = PBXGroup;
			children = (
				BFE1FCD621322B66005EE8CD /* blocko.app */,
			);
			name = Products;
			sourceTree = "<group>";
		};
		BFE1FCD821322B66005EE8CD /* blocko */ = {
			isa = PBXGroup;
			children = (
				BF35F19324369C620017B422 /* API */,
				BF0BA886213238820063D3E1 /* CustomView */,
				BF0BA88B213238820063D3E1 /* Helpers */,
				BF0BA88E213238820063D3E1 /* Modules */,
				BF0BA8A3213238820063D3E1 /* Style */,
				BF41E4EF2132376200943DA3 /* Supporting Files */,
				BF0BA8A6213238820063D3E1 /* ViewControllers */,
			);
			path = blocko;
			sourceTree = "<group>";
		};
		BFE1FCED21322B6C005EE8CD /* blockoTests */ = {
			isa = PBXGroup;
			children = (
				BFE1FCF021322B6C005EE8CD /* Info.plist */,
				BFE1FCEE21322B6C005EE8CD /* blockoTests.swift */,
				0CB133226B57A3B156A5B3EC /* Tests */,
			);
			path = blockoTests;
			sourceTree = "<group>";
		};
		BFE1FCF821322B6C005EE8CD /* blockoUITests */ = {
			isa = PBXGroup;
			children = (
				BFE1FCFB21322B6C005EE8CD /* Info.plist */,
				BFE1FCF921322B6C005EE8CD /* blockoUITests.swift */,
			);
			path = blockoUITests;
			sourceTree = "<group>";
		};
		D369805061865402D2C55A90 /* Interactor */ = {
			isa = PBXGroup;
			children = (
				3131B216C45BC1724B0DE6E7 /* DashboardModuleInteractor.swift */,
			);
			path = Interactor;
			sourceTree = "<group>";
		};
		E4CC463DCB0927DBA271664B /* Interactor */ = {
			isa = PBXGroup;
			children = (
				44F793C923B38EF4F6CF7CE0 /* DashboardModuleInteractorTests.swift */,
			);
			path = Interactor;
			sourceTree = "<group>";
		};
		F948072B02337187981BFB6B /* DashboardModule */ = {
			isa = PBXGroup;
			children = (
				E4CC463DCB0927DBA271664B /* Interactor */,
				85219A9438AA79E9F83B3D71 /* Presenter */,
			);
			path = DashboardModule;
			sourceTree = "<group>";
		};
/* End PBXGroup section */

/* Begin PBXNativeTarget section */
		BFE1FCD521322B66005EE8CD /* blocko */ = {
			isa = PBXNativeTarget;
			buildConfigurationList = BFE1FCFE21322B6C005EE8CD /* Build configuration list for PBXNativeTarget "blocko" */;
			buildPhases = (
				11B8C4222DD4B1580F34B652 /* [CP] Check Pods Manifest.lock */,
				BF3084D1213242900022D6A7 /* R.swift */,
				BFE1FCD221322B66005EE8CD /* Sources */,
				BFE1FCD321322B66005EE8CD /* Frameworks */,
				BFE1FCD421322B66005EE8CD /* Resources */,
				EB19482FB2E623432165F320 /* [CP] Embed Pods Frameworks */,
			);
			buildRules = (
			);
			dependencies = (
			);
			name = blocko;
			productName = blocko;
			productReference = BFE1FCD621322B66005EE8CD /* blocko.app */;
			productType = "com.apple.product-type.application";
		};
/* End PBXNativeTarget section */

/* Begin PBXProject section */
		BFE1FCCE21322B66005EE8CD /* Project object */ = {
			isa = PBXProject;
			attributes = {
				LastSwiftUpdateCheck = 0940;
				LastUpgradeCheck = 0940;
				ORGANIZATIONNAME = Appbeat;
				TargetAttributes = {
					BFE1FCD521322B66005EE8CD = {
						CreatedOnToolsVersion = 9.4.1;
						LastSwiftMigration = 1140;
						ProvisioningStyle = Automatic;
					};
				};
			};
			buildConfigurationList = BFE1FCD121322B66005EE8CD /* Build configuration list for PBXProject "blocko" */;
			compatibilityVersion = "Xcode 8.0";
			developmentRegion = en;
			hasScannedForEncodings = 0;
			knownRegions = (
				en,
				Base,
			);
			mainGroup = BFE1FCCD21322B66005EE8CD;
			productRefGroup = BFE1FCD721322B66005EE8CD /* Products */;
			projectDirPath = "";
			projectRoot = "";
			targets = (
				BFE1FCD521322B66005EE8CD /* blocko */,
			);
		};
/* End PBXProject section */

/* Begin PBXResourcesBuildPhase section */
		BFE1FCD421322B66005EE8CD /* Resources */ = {
			isa = PBXResourcesBuildPhase;
			buildActionMask = 2147483647;
			files = (
				BFE1FCE421322B6B005EE8CD /* LaunchScreen.storyboard in Resources */,
				BF3084D3213243220022D6A7 /* Localizable.strings in Resources */,
				BF35F1A524369C620017B422 /* ServerInformation.plist in Resources */,
				BFE1FCE121322B6B005EE8CD /* Assets.xcassets in Resources */,
				BFE1FCDF21322B66005EE8CD /* Main.storyboard in Resources */,
			);
			runOnlyForDeploymentPostprocessing = 0;
		};
/* End PBXResourcesBuildPhase section */

/* Begin PBXShellScriptBuildPhase section */
		11B8C4222DD4B1580F34B652 /* [CP] Check Pods Manifest.lock */ = {
			isa = PBXShellScriptBuildPhase;
			buildActionMask = 2147483647;
			files = (
			);
			inputPaths = (
				"${PODS_PODFILE_DIR_PATH}/Podfile.lock",
				"${PODS_ROOT}/Manifest.lock",
			);
			name = "[CP] Check Pods Manifest.lock";
			outputPaths = (
				"$(DERIVED_FILE_DIR)/Pods-blocko-checkManifestLockResult.txt",
			);
			runOnlyForDeploymentPostprocessing = 0;
			shellPath = /bin/sh;
			shellScript = "diff \"${PODS_PODFILE_DIR_PATH}/Podfile.lock\" \"${PODS_ROOT}/Manifest.lock\" > /dev/null\nif [ $? != 0 ] ; then\n    # print error to STDERR\n    echo \"error: The sandbox is not in sync with the Podfile.lock. Run 'pod install' or update your CocoaPods installation.\" >&2\n    exit 1\nfi\n# This output is used by Xcode 'outputs' to avoid re-running this script phase.\necho \"SUCCESS\" > \"${SCRIPT_OUTPUT_FILE_0}\"\n";
			showEnvVarsInLog = 0;
		};
		BF3084D1213242900022D6A7 /* R.swift */ = {
			isa = PBXShellScriptBuildPhase;
			buildActionMask = 2147483647;
			files = (
			);
			inputPaths = (
				"$TEMP_DIR/rswift-lastrun",
			);
			name = R.swift;
			outputPaths = (
				"$SRCROOT/Supporting Files/R.generated.swift",
			);
			runOnlyForDeploymentPostprocessing = 0;
			shellPath = /bin/sh;
			shellScript = "\"$PODS_ROOT/R.swift/rswift\" generate \"$SRCROOT/Supporting Files/R.generated.swift\"\n";
		};
		EB19482FB2E623432165F320 /* [CP] Embed Pods Frameworks */ = {
			isa = PBXShellScriptBuildPhase;
			buildActionMask = 2147483647;
			files = (
			);
			inputPaths = (
				"${PODS_ROOT}/Target Support Files/Pods-blocko/Pods-blocko-frameworks.sh",
				"${BUILT_PRODUCTS_DIR}/Alamofire/Alamofire.framework",
				"${BUILT_PRODUCTS_DIR}/CocoaLumberjack/CocoaLumberjack.framework",
				"${BUILT_PRODUCTS_DIR}/R.swift.Library/Rswift.framework",
				"${BUILT_PRODUCTS_DIR}/RxCocoa/RxCocoa.framework",
				"${BUILT_PRODUCTS_DIR}/RxRelay/RxRelay.framework",
				"${BUILT_PRODUCTS_DIR}/RxSwift/RxSwift.framework",
				"${BUILT_PRODUCTS_DIR}/SDWebImage/SDWebImage.framework",
				"${BUILT_PRODUCTS_DIR}/SnapKit/SnapKit.framework",
			);
			name = "[CP] Embed Pods Frameworks";
			outputPaths = (
				"${TARGET_BUILD_DIR}/${FRAMEWORKS_FOLDER_PATH}/Alamofire.framework",
				"${TARGET_BUILD_DIR}/${FRAMEWORKS_FOLDER_PATH}/CocoaLumberjack.framework",
				"${TARGET_BUILD_DIR}/${FRAMEWORKS_FOLDER_PATH}/Rswift.framework",
				"${TARGET_BUILD_DIR}/${FRAMEWORKS_FOLDER_PATH}/RxCocoa.framework",
				"${TARGET_BUILD_DIR}/${FRAMEWORKS_FOLDER_PATH}/RxRelay.framework",
				"${TARGET_BUILD_DIR}/${FRAMEWORKS_FOLDER_PATH}/RxSwift.framework",
				"${TARGET_BUILD_DIR}/${FRAMEWORKS_FOLDER_PATH}/SDWebImage.framework",
				"${TARGET_BUILD_DIR}/${FRAMEWORKS_FOLDER_PATH}/SnapKit.framework",
			);
			runOnlyForDeploymentPostprocessing = 0;
			shellPath = /bin/sh;
			shellScript = "\"${PODS_ROOT}/Target Support Files/Pods-blocko/Pods-blocko-frameworks.sh\"\n";
			showEnvVarsInLog = 0;
		};
/* End PBXShellScriptBuildPhase section */

/* Begin PBXSourcesBuildPhase section */
		BFE1FCD221322B66005EE8CD /* Sources */ = {
			isa = PBXSourcesBuildPhase;
			buildActionMask = 2147483647;
			files = (
				BF35F1AB24369C620017B422 /* BlockoError.swift in Sources */,
				BF0BA8AB213238820063D3E1 /* CustomTabBar.swift in Sources */,
				BF35F1B02436A19D0017B422 /* Connectivity.swift in Sources */,
				BF0BA8B9213238820063D3E1 /* FontProvider.swift in Sources */,
				BF0BA8B5213238820063D3E1 /* BaseCollectionViewCell.swift in Sources */,
				BF35F1A824369C620017B422 /* BaseRequest.swift in Sources */,
				BF0BA8BA213238820063D3E1 /* BaseViewController.swift in Sources */,
				BF0BA8B6213238820063D3E1 /* BaseViewInput.swift in Sources */,
				BF35F1AA24369C620017B422 /* MovieNowPlayingRequest.swift in Sources */,
				BF0BA8B4213238820063D3E1 /* BaseWireframe.swift in Sources */,
				BF0BA8AD213238820063D3E1 /* Extensions.swift in Sources */,
				BF0BA8AC213238820063D3E1 /* ForceCast.swift in Sources */,
				BFE1FCDC21322B66005EE8CD /* ViewController.swift in Sources */,
				BF35F1A724369C620017B422 /* MovieNowPlayingResponse.swift in Sources */,
				BF0BA8B8213238820063D3E1 /* ColorProvider.swift in Sources */,
				BF0BA8B7213238820063D3E1 /* BaseInteractorInput.swift in Sources */,
				BF35F1AC24369C620017B422 /* BaseInteractorProtocol.swift in Sources */,
				BF35F1B62436A7920017B422 /* BaseProvider.swift in Sources */,
				BF35F1A424369C620017B422 /* APIClient.swift in Sources */,
				BF35F1A324369C620017B422 /* APIErrorCode.swift in Sources */,
				BF35F1B42436A3380017B422 /* EnumEntities.swift in Sources */,
				BF0BA8AA213238820063D3E1 /* BaseButton.swift in Sources */,
				BFE1FCDA21322B66005EE8CD /* AppDelegate.swift in Sources */,
				BF0BA8BB213238820063D3E1 /* NavigationController.swift in Sources */,
				BF0BA8B3213238820063D3E1 /* BasePresenterInput.swift in Sources */,
				BF35F19224369AC40017B422 /* R.generated.swift in Sources */,
				B70097378E649EDAFACAE358 /* DashboardModuleViewController.swift in Sources */,
				95A5C5C9A03B82A53CAD2B0B /* DashboardModuleView.swift in Sources */,
				C15DDAC2C995977E8E30EA78 /* DashboardModulePresenter.swift in Sources */,
				34F4F4D7BC8CE37FA180B400 /* DashboardModuleInteractor.swift in Sources */,
				BF35F1B22436A30B0017B422 /* LumberjackLogFormatter.swift in Sources */,
				A01346FFC35D8AD3FBFDD3F8 /* DashboardModuleWireframe.swift in Sources */,
			);
			runOnlyForDeploymentPostprocessing = 0;
		};
/* End PBXSourcesBuildPhase section */

/* Begin PBXVariantGroup section */
		BFE1FCDD21322B66005EE8CD /* Main.storyboard */ = {
			isa = PBXVariantGroup;
			children = (
				BFE1FCDE21322B66005EE8CD /* Base */,
			);
			name = Main.storyboard;
			path = .;
			sourceTree = "<group>";
		};
		BFE1FCE221322B6B005EE8CD /* LaunchScreen.storyboard */ = {
			isa = PBXVariantGroup;
			children = (
				BFE1FCE321322B6B005EE8CD /* Base */,
			);
			name = LaunchScreen.storyboard;
			path = .;
			sourceTree = "<group>";
		};
/* End PBXVariantGroup section */

/* Begin XCBuildConfiguration section */
		BFE1FCFC21322B6C005EE8CD /* Debug */ = {
			isa = XCBuildConfiguration;
			buildSettings = {
				ALWAYS_SEARCH_USER_PATHS = NO;
				CLANG_ANALYZER_NONNULL = YES;
				CLANG_ANALYZER_NUMBER_OBJECT_CONVERSION = YES_AGGRESSIVE;
				CLANG_CXX_LANGUAGE_STANDARD = "gnu++14";
				CLANG_CXX_LIBRARY = "libc++";
				CLANG_ENABLE_MODULES = YES;
				CLANG_ENABLE_OBJC_ARC = YES;
				CLANG_ENABLE_OBJC_WEAK = YES;
				CLANG_WARN_BLOCK_CAPTURE_AUTORELEASING = YES;
				CLANG_WARN_BOOL_CONVERSION = YES;
				CLANG_WARN_COMMA = YES;
				CLANG_WARN_CONSTANT_CONVERSION = YES;
				CLANG_WARN_DEPRECATED_OBJC_IMPLEMENTATIONS = YES;
				CLANG_WARN_DIRECT_OBJC_ISA_USAGE = YES_ERROR;
				CLANG_WARN_DOCUMENTATION_COMMENTS = YES;
				CLANG_WARN_EMPTY_BODY = YES;
				CLANG_WARN_ENUM_CONVERSION = YES;
				CLANG_WARN_INFINITE_RECURSION = YES;
				CLANG_WARN_INT_CONVERSION = YES;
				CLANG_WARN_NON_LITERAL_NULL_CONVERSION = YES;
				CLANG_WARN_OBJC_IMPLICIT_RETAIN_SELF = YES;
				CLANG_WARN_OBJC_LITERAL_CONVERSION = YES;
				CLANG_WARN_OBJC_ROOT_CLASS = YES_ERROR;
				CLANG_WARN_RANGE_LOOP_ANALYSIS = YES;
				CLANG_WARN_STRICT_PROTOTYPES = YES;
				CLANG_WARN_SUSPICIOUS_MOVE = YES;
				CLANG_WARN_UNGUARDED_AVAILABILITY = YES_AGGRESSIVE;
				CLANG_WARN_UNREACHABLE_CODE = YES;
				CLANG_WARN__DUPLICATE_METHOD_MATCH = YES;
				CODE_SIGN_IDENTITY = "iPhone Developer";
				COPY_PHASE_STRIP = NO;
				DEBUG_INFORMATION_FORMAT = dwarf;
				ENABLE_STRICT_OBJC_MSGSEND = YES;
				ENABLE_TESTABILITY = YES;
				GCC_C_LANGUAGE_STANDARD = gnu11;
				GCC_DYNAMIC_NO_PIC = NO;
				GCC_NO_COMMON_BLOCKS = YES;
				GCC_OPTIMIZATION_LEVEL = 0;
				GCC_PREPROCESSOR_DEFINITIONS = (
					"DEBUG=1",
					"$(inherited)",
				);
				GCC_WARN_64_TO_32_BIT_CONVERSION = YES;
				GCC_WARN_ABOUT_RETURN_TYPE = YES_ERROR;
				GCC_WARN_UNDECLARED_SELECTOR = YES;
				GCC_WARN_UNINITIALIZED_AUTOS = YES_AGGRESSIVE;
				GCC_WARN_UNUSED_FUNCTION = YES;
				GCC_WARN_UNUSED_VARIABLE = YES;
				IPHONEOS_DEPLOYMENT_TARGET = 10.0;
				MTL_ENABLE_DEBUG_INFO = YES;
				ONLY_ACTIVE_ARCH = YES;
				SDKROOT = iphoneos;
				SWIFT_ACTIVE_COMPILATION_CONDITIONS = DEBUG;
				SWIFT_OPTIMIZATION_LEVEL = "-Onone";
			};
			name = Debug;
		};
		BFE1FCFD21322B6C005EE8CD /* Release */ = {
			isa = XCBuildConfiguration;
			buildSettings = {
				ALWAYS_SEARCH_USER_PATHS = NO;
				CLANG_ANALYZER_NONNULL = YES;
				CLANG_ANALYZER_NUMBER_OBJECT_CONVERSION = YES_AGGRESSIVE;
				CLANG_CXX_LANGUAGE_STANDARD = "gnu++14";
				CLANG_CXX_LIBRARY = "libc++";
				CLANG_ENABLE_MODULES = YES;
				CLANG_ENABLE_OBJC_ARC = YES;
				CLANG_ENABLE_OBJC_WEAK = YES;
				CLANG_WARN_BLOCK_CAPTURE_AUTORELEASING = YES;
				CLANG_WARN_BOOL_CONVERSION = YES;
				CLANG_WARN_COMMA = YES;
				CLANG_WARN_CONSTANT_CONVERSION = YES;
				CLANG_WARN_DEPRECATED_OBJC_IMPLEMENTATIONS = YES;
				CLANG_WARN_DIRECT_OBJC_ISA_USAGE = YES_ERROR;
				CLANG_WARN_DOCUMENTATION_COMMENTS = YES;
				CLANG_WARN_EMPTY_BODY = YES;
				CLANG_WARN_ENUM_CONVERSION = YES;
				CLANG_WARN_INFINITE_RECURSION = YES;
				CLANG_WARN_INT_CONVERSION = YES;
				CLANG_WARN_NON_LITERAL_NULL_CONVERSION = YES;
				CLANG_WARN_OBJC_IMPLICIT_RETAIN_SELF = YES;
				CLANG_WARN_OBJC_LITERAL_CONVERSION = YES;
				CLANG_WARN_OBJC_ROOT_CLASS = YES_ERROR;
				CLANG_WARN_RANGE_LOOP_ANALYSIS = YES;
				CLANG_WARN_STRICT_PROTOTYPES = YES;
				CLANG_WARN_SUSPICIOUS_MOVE = YES;
				CLANG_WARN_UNGUARDED_AVAILABILITY = YES_AGGRESSIVE;
				CLANG_WARN_UNREACHABLE_CODE = YES;
				CLANG_WARN__DUPLICATE_METHOD_MATCH = YES;
				CODE_SIGN_IDENTITY = "iPhone Developer";
				COPY_PHASE_STRIP = NO;
				DEBUG_INFORMATION_FORMAT = "dwarf-with-dsym";
				ENABLE_NS_ASSERTIONS = NO;
				ENABLE_STRICT_OBJC_MSGSEND = YES;
				GCC_C_LANGUAGE_STANDARD = gnu11;
				GCC_NO_COMMON_BLOCKS = YES;
				GCC_WARN_64_TO_32_BIT_CONVERSION = YES;
				GCC_WARN_ABOUT_RETURN_TYPE = YES_ERROR;
				GCC_WARN_UNDECLARED_SELECTOR = YES;
				GCC_WARN_UNINITIALIZED_AUTOS = YES_AGGRESSIVE;
				GCC_WARN_UNUSED_FUNCTION = YES;
				GCC_WARN_UNUSED_VARIABLE = YES;
				IPHONEOS_DEPLOYMENT_TARGET = 10.0;
				MTL_ENABLE_DEBUG_INFO = NO;
				SDKROOT = iphoneos;
				SWIFT_OPTIMIZATION_LEVEL = "-Owholemodule";
				VALIDATE_PRODUCT = YES;
			};
			name = Release;
		};
		BFE1FCFF21322B6C005EE8CD /* Debug */ = {
			isa = XCBuildConfiguration;
			baseConfigurationReference = 36EB488BF0AC339731CADA58 /* Pods-blocko.debug.xcconfig */;
			buildSettings = {
				ASSETCATALOG_COMPILER_APPICON_NAME = AppIcon;
				CODE_SIGN_STYLE = Automatic;
				DEVELOPMENT_TEAM = 2GL93NK9CK;
				INFOPLIST_FILE = "$(SRCROOT)/blocko/Supporting Files/Info.plist";
				IPHONEOS_DEPLOYMENT_TARGET = 10.0;
				LD_RUNPATH_SEARCH_PATHS = "$(inherited) @executable_path/Frameworks";
				PRODUCT_BUNDLE_IDENTIFIER = pl.appbeat.dxcchallenge;
				PRODUCT_NAME = "$(TARGET_NAME)";
				SWIFT_VERSION = 5.0;
				TARGETED_DEVICE_FAMILY = "1,2";
			};
			name = Debug;
		};
		BFE1FD0021322B6C005EE8CD /* Release */ = {
			isa = XCBuildConfiguration;
			baseConfigurationReference = B21AE3C85CCE2A1DB6DDD71D /* Pods-blocko.release.xcconfig */;
			buildSettings = {
				ASSETCATALOG_COMPILER_APPICON_NAME = AppIcon;
				CODE_SIGN_STYLE = Automatic;
				DEVELOPMENT_TEAM = 2GL93NK9CK;
				INFOPLIST_FILE = "$(SRCROOT)/blocko/Supporting Files/Info.plist";
				IPHONEOS_DEPLOYMENT_TARGET = 10.0;
				LD_RUNPATH_SEARCH_PATHS = "$(inherited) @executable_path/Frameworks";
				PRODUCT_BUNDLE_IDENTIFIER = pl.appbeat.dxcchallenge;
				PRODUCT_NAME = "$(TARGET_NAME)";
				SWIFT_VERSION = 5.0;
				TARGETED_DEVICE_FAMILY = "1,2";
			};
			name = Release;
		};
/* End XCBuildConfiguration section */

/* Begin XCConfigurationList section */
		BFE1FCD121322B66005EE8CD /* Build configuration list for PBXProject "blocko" */ = {
			isa = XCConfigurationList;
			buildConfigurations = (
				BFE1FCFC21322B6C005EE8CD /* Debug */,
				BFE1FCFD21322B6C005EE8CD /* Release */,
			);
			defaultConfigurationIsVisible = 0;
			defaultConfigurationName = Release;
		};
		BFE1FCFE21322B6C005EE8CD /* Build configuration list for PBXNativeTarget "blocko" */ = {
			isa = XCConfigurationList;
			buildConfigurations = (
				BFE1FCFF21322B6C005EE8CD /* Debug */,
				BFE1FD0021322B6C005EE8CD /* Release */,
			);
			defaultConfigurationIsVisible = 0;
			defaultConfigurationName = Release;
		};
/* End XCConfigurationList section */
	};
	rootObject = BFE1FCCE21322B66005EE8CD /* Project object */;
}
