// !$*UTF8*$!
{
	archiveVersion = 1;
	classes = {
	};
	objectVersion = 48;
	objects = {

/* Begin PBXBuildFile section */
		154DC3C62F711F78C34F093C /* MovieDetailsModuleView.swift in Sources */ = {isa = PBXBuildFile; fileRef = 86948E60FBC8DB936F68FBA1 /* MovieDetailsModuleView.swift */; };
		155C996CADF21B7E6D8208C3 /* MoviesModuleView.swift in Sources */ = {isa = PBXBuildFile; fileRef = 1F902E9DC5D00969324368A2 /* MoviesModuleView.swift */; };
		5698C799C63991940C80FA84 /* MovieDetailsModuleViewController.swift in Sources */ = {isa = PBXBuildFile; fileRef = 271D88FCD7AEEF9CB1B4CEF7 /* MovieDetailsModuleViewController.swift */; };
		60EDE7CEA04EEF6D7E360E91 /* MoviesModuleWireframe.swift in Sources */ = {isa = PBXBuildFile; fileRef = 608536CA9DED084656C47354 /* MoviesModuleWireframe.swift */; };
		72BDA0CC141851D7D83CD9FB /* MovieDetailsModuleWireframe.swift in Sources */ = {isa = PBXBuildFile; fileRef = 94008A0FE5179714265CAAEA /* MovieDetailsModuleWireframe.swift */; };
		9B137249BA15DB48CA63F743 /* MovieDetailsModulePresenter.swift in Sources */ = {isa = PBXBuildFile; fileRef = 5F08F66DF9EC4BFE89E5DCD5 /* MovieDetailsModulePresenter.swift */; };
		A07907B80ABE8A71D5303C6E /* MoviesModulePresenter.swift in Sources */ = {isa = PBXBuildFile; fileRef = A8E7F26455C8B900F594E41D /* MoviesModulePresenter.swift */; };
		BF0BA8AA213238820063D3E1 /* BaseButton.swift in Sources */ = {isa = PBXBuildFile; fileRef = BF0BA888213238820063D3E1 /* BaseButton.swift */; };
		BF0BA8AC213238820063D3E1 /* ForceCast.swift in Sources */ = {isa = PBXBuildFile; fileRef = BF0BA88C213238820063D3E1 /* ForceCast.swift */; };
		BF0BA8AD213238820063D3E1 /* Extensions.swift in Sources */ = {isa = PBXBuildFile; fileRef = BF0BA88D213238820063D3E1 /* Extensions.swift */; };
		BF0BA8B3213238820063D3E1 /* BasePresenterInput.swift in Sources */ = {isa = PBXBuildFile; fileRef = BF0BA89B213238820063D3E1 /* BasePresenterInput.swift */; };
		BF0BA8B4213238820063D3E1 /* BaseWireframe.swift in Sources */ = {isa = PBXBuildFile; fileRef = BF0BA89D213238820063D3E1 /* BaseWireframe.swift */; };
		BF0BA8B5213238820063D3E1 /* BaseCollectionViewCell.swift in Sources */ = {isa = PBXBuildFile; fileRef = BF0BA89F213238820063D3E1 /* BaseCollectionViewCell.swift */; };
		BF0BA8B6213238820063D3E1 /* BaseViewInput.swift in Sources */ = {isa = PBXBuildFile; fileRef = BF0BA8A0213238820063D3E1 /* BaseViewInput.swift */; };
		BF0BA8B7213238820063D3E1 /* BaseInteractorInput.swift in Sources */ = {isa = PBXBuildFile; fileRef = BF0BA8A2213238820063D3E1 /* BaseInteractorInput.swift */; };
		BF0BA8B8213238820063D3E1 /* ColorProvider.swift in Sources */ = {isa = PBXBuildFile; fileRef = BF0BA8A4213238820063D3E1 /* ColorProvider.swift */; };
		BF0BA8B9213238820063D3E1 /* FontProvider.swift in Sources */ = {isa = PBXBuildFile; fileRef = BF0BA8A5213238820063D3E1 /* FontProvider.swift */; };
		BF0BA8BA213238820063D3E1 /* BaseViewController.swift in Sources */ = {isa = PBXBuildFile; fileRef = BF0BA8A8213238820063D3E1 /* BaseViewController.swift */; };
		BF0BA8BB213238820063D3E1 /* NavigationController.swift in Sources */ = {isa = PBXBuildFile; fileRef = BF0BA8A9213238820063D3E1 /* NavigationController.swift */; };
		BF3084D3213243220022D6A7 /* Localizable.strings in Resources */ = {isa = PBXBuildFile; fileRef = BF3084D2213243220022D6A7 /* Localizable.strings */; };
		BF35F1A324369C620017B422 /* APIErrorCode.swift in Sources */ = {isa = PBXBuildFile; fileRef = BF35F19424369C620017B422 /* APIErrorCode.swift */; };
		BF35F1A424369C620017B422 /* APIClient.swift in Sources */ = {isa = PBXBuildFile; fileRef = BF35F19524369C620017B422 /* APIClient.swift */; };
		BF35F1A524369C620017B422 /* ServerInformation.plist in Resources */ = {isa = PBXBuildFile; fileRef = BF35F19624369C620017B422 /* ServerInformation.plist */; };
		BF35F1A724369C620017B422 /* MovieNowPlayingResponse.swift in Sources */ = {isa = PBXBuildFile; fileRef = BF35F19924369C620017B422 /* MovieNowPlayingResponse.swift */; };
		BF35F1A824369C620017B422 /* BaseRequest.swift in Sources */ = {isa = PBXBuildFile; fileRef = BF35F19B24369C620017B422 /* BaseRequest.swift */; };
		BF35F1AA24369C620017B422 /* MovieNowPlayingRequest.swift in Sources */ = {isa = PBXBuildFile; fileRef = BF35F19F24369C620017B422 /* MovieNowPlayingRequest.swift */; };
		BF35F1AB24369C620017B422 /* BlockoError.swift in Sources */ = {isa = PBXBuildFile; fileRef = BF35F1A024369C620017B422 /* BlockoError.swift */; };
		BF35F1AC24369C620017B422 /* BaseInteractorProtocol.swift in Sources */ = {isa = PBXBuildFile; fileRef = BF35F1A224369C620017B422 /* BaseInteractorProtocol.swift */; };
		BF35F1B02436A19D0017B422 /* Connectivity.swift in Sources */ = {isa = PBXBuildFile; fileRef = BF35F1AF2436A19D0017B422 /* Connectivity.swift */; };
		BF35F1B22436A30B0017B422 /* LumberjackLogFormatter.swift in Sources */ = {isa = PBXBuildFile; fileRef = BF35F1B12436A30B0017B422 /* LumberjackLogFormatter.swift */; };
		BF35F1B42436A3380017B422 /* EnumEntities.swift in Sources */ = {isa = PBXBuildFile; fileRef = BF35F1B32436A3380017B422 /* EnumEntities.swift */; };
		BF35F1B62436A7920017B422 /* BaseProvider.swift in Sources */ = {isa = PBXBuildFile; fileRef = BF35F1B52436A7920017B422 /* BaseProvider.swift */; };
		BF35F1B8243761A20017B422 /* R.generated.swift in Sources */ = {isa = PBXBuildFile; fileRef = BF35F1B7243761A20017B422 /* R.generated.swift */; };
		BF35F1BA243763D10017B422 /* CommonDataSourceProtocol.swift in Sources */ = {isa = PBXBuildFile; fileRef = BF35F1B9243763D10017B422 /* CommonDataSourceProtocol.swift */; };
		BF35F1BC2437667B0017B422 /* BaseView.swift in Sources */ = {isa = PBXBuildFile; fileRef = BF35F1BB2437667B0017B422 /* BaseView.swift */; };
		BF35F1C024376C580017B422 /* Spinner.swift in Sources */ = {isa = PBXBuildFile; fileRef = BF35F1BF24376C570017B422 /* Spinner.swift */; };
		BF35F1C224376C810017B422 /* NavigationBarElementsFactory.swift in Sources */ = {isa = PBXBuildFile; fileRef = BF35F1C124376C810017B422 /* NavigationBarElementsFactory.swift */; };
		BF35F1C424376E9E0017B422 /* MovieCell.swift in Sources */ = {isa = PBXBuildFile; fileRef = BF35F1C324376E9E0017B422 /* MovieCell.swift */; };
		BF35F1C624376EBB0017B422 /* MovieCellView.swift in Sources */ = {isa = PBXBuildFile; fileRef = BF35F1C524376EBB0017B422 /* MovieCellView.swift */; };
		BF35F1CB2437724F0017B422 /* BlurredView.swift in Sources */ = {isa = PBXBuildFile; fileRef = BF35F1C92437724F0017B422 /* BlurredView.swift */; };
		BF35F1CC2437724F0017B422 /* BlurredLabelView.swift in Sources */ = {isa = PBXBuildFile; fileRef = BF35F1CA2437724F0017B422 /* BlurredLabelView.swift */; };
		BF35F1CE243774730017B422 /* EmptyTableView.swift in Sources */ = {isa = PBXBuildFile; fileRef = BF35F1CD243774730017B422 /* EmptyTableView.swift */; };
		BF35F1D12437D1260017B422 /* CustomScrollView.swift in Sources */ = {isa = PBXBuildFile; fileRef = BF35F1D02437D1260017B422 /* CustomScrollView.swift */; };
		BFE1FCDA21322B66005EE8CD /* AppDelegate.swift in Sources */ = {isa = PBXBuildFile; fileRef = BFE1FCD921322B66005EE8CD /* AppDelegate.swift */; };
		BFE1FCDC21322B66005EE8CD /* ViewController.swift in Sources */ = {isa = PBXBuildFile; fileRef = BFE1FCDB21322B66005EE8CD /* ViewController.swift */; };
		BFE1FCDF21322B66005EE8CD /* Main.storyboard in Resources */ = {isa = PBXBuildFile; fileRef = BFE1FCDD21322B66005EE8CD /* Main.storyboard */; };
		BFE1FCE121322B6B005EE8CD /* Assets.xcassets in Resources */ = {isa = PBXBuildFile; fileRef = BFE1FCE021322B6B005EE8CD /* Assets.xcassets */; };
		BFE1FCE421322B6B005EE8CD /* LaunchScreen.storyboard in Resources */ = {isa = PBXBuildFile; fileRef = BFE1FCE221322B6B005EE8CD /* LaunchScreen.storyboard */; };
		DF10A8E9A7B2AC40243993B4 /* MoviesModuleViewController.swift in Sources */ = {isa = PBXBuildFile; fileRef = 4078B8C3DAC7286F4DE0B3E8 /* MoviesModuleViewController.swift */; };
		E3AFF1EA422F757F1CE38382 /* MovieDetailsModuleInteractor.swift in Sources */ = {isa = PBXBuildFile; fileRef = 61A8823EE30BDC0FE7E9C23A /* MovieDetailsModuleInteractor.swift */; };
		F2B5BFFA170BB1717B95E0D0 /* Pods_blocko.framework in Frameworks */ = {isa = PBXBuildFile; fileRef = B7A86B544A339B2221AA4B40 /* Pods_blocko.framework */; };
		F4470C36D87AA11D5672B0AF /* MoviesModuleInteractor.swift in Sources */ = {isa = PBXBuildFile; fileRef = 9A7E8367D65AC2E903C16218 /* MoviesModuleInteractor.swift */; };
/* End PBXBuildFile section */

/* Begin PBXFileReference section */
		01B704D810E1821B2BC0A327 /* Pods-blockoTests.release.xcconfig */ = {isa = PBXFileReference; includeInIndex = 1; lastKnownFileType = text.xcconfig; name = "Pods-blockoTests.release.xcconfig"; path = "Pods/Target Support Files/Pods-blockoTests/Pods-blockoTests.release.xcconfig"; sourceTree = "<group>"; };
		1F902E9DC5D00969324368A2 /* MoviesModuleView.swift */ = {isa = PBXFileReference; includeInIndex = 1; lastKnownFileType = sourcecode.swift; path = MoviesModuleView.swift; sourceTree = "<group>"; };
		271D88FCD7AEEF9CB1B4CEF7 /* MovieDetailsModuleViewController.swift */ = {isa = PBXFileReference; includeInIndex = 1; lastKnownFileType = sourcecode.swift; path = MovieDetailsModuleViewController.swift; sourceTree = "<group>"; };
		36EB488BF0AC339731CADA58 /* Pods-blocko.debug.xcconfig */ = {isa = PBXFileReference; includeInIndex = 1; lastKnownFileType = text.xcconfig; name = "Pods-blocko.debug.xcconfig"; path = "Pods/Target Support Files/Pods-blocko/Pods-blocko.debug.xcconfig"; sourceTree = "<group>"; };
		4078B8C3DAC7286F4DE0B3E8 /* MoviesModuleViewController.swift */ = {isa = PBXFileReference; includeInIndex = 1; lastKnownFileType = sourcecode.swift; path = MoviesModuleViewController.swift; sourceTree = "<group>"; };
		48363E652CFAB952AD6F321A /* Pods-blockoTests.debug.xcconfig */ = {isa = PBXFileReference; includeInIndex = 1; lastKnownFileType = text.xcconfig; name = "Pods-blockoTests.debug.xcconfig"; path = "Pods/Target Support Files/Pods-blockoTests/Pods-blockoTests.debug.xcconfig"; sourceTree = "<group>"; };
		5F08F66DF9EC4BFE89E5DCD5 /* MovieDetailsModulePresenter.swift */ = {isa = PBXFileReference; includeInIndex = 1; lastKnownFileType = sourcecode.swift; path = MovieDetailsModulePresenter.swift; sourceTree = "<group>"; };
		608536CA9DED084656C47354 /* MoviesModuleWireframe.swift */ = {isa = PBXFileReference; includeInIndex = 1; lastKnownFileType = sourcecode.swift; path = MoviesModuleWireframe.swift; sourceTree = "<group>"; };
		61A8823EE30BDC0FE7E9C23A /* MovieDetailsModuleInteractor.swift */ = {isa = PBXFileReference; includeInIndex = 1; lastKnownFileType = sourcecode.swift; path = MovieDetailsModuleInteractor.swift; sourceTree = "<group>"; };
		86948E60FBC8DB936F68FBA1 /* MovieDetailsModuleView.swift */ = {isa = PBXFileReference; includeInIndex = 1; lastKnownFileType = sourcecode.swift; path = MovieDetailsModuleView.swift; sourceTree = "<group>"; };
		94008A0FE5179714265CAAEA /* MovieDetailsModuleWireframe.swift */ = {isa = PBXFileReference; includeInIndex = 1; lastKnownFileType = sourcecode.swift; path = MovieDetailsModuleWireframe.swift; sourceTree = "<group>"; };
		9A7E8367D65AC2E903C16218 /* MoviesModuleInteractor.swift */ = {isa = PBXFileReference; includeInIndex = 1; lastKnownFileType = sourcecode.swift; path = MoviesModuleInteractor.swift; sourceTree = "<group>"; };
		A8E7F26455C8B900F594E41D /* MoviesModulePresenter.swift */ = {isa = PBXFileReference; includeInIndex = 1; lastKnownFileType = sourcecode.swift; path = MoviesModulePresenter.swift; sourceTree = "<group>"; };
		B21AE3C85CCE2A1DB6DDD71D /* Pods-blocko.release.xcconfig */ = {isa = PBXFileReference; includeInIndex = 1; lastKnownFileType = text.xcconfig; name = "Pods-blocko.release.xcconfig"; path = "Pods/Target Support Files/Pods-blocko/Pods-blocko.release.xcconfig"; sourceTree = "<group>"; };
		B7A86B544A339B2221AA4B40 /* Pods_blocko.framework */ = {isa = PBXFileReference; explicitFileType = wrapper.framework; includeInIndex = 0; path = Pods_blocko.framework; sourceTree = BUILT_PRODUCTS_DIR; };
		BF0BA888213238820063D3E1 /* BaseButton.swift */ = {isa = PBXFileReference; fileEncoding = 4; lastKnownFileType = sourcecode.swift; path = BaseButton.swift; sourceTree = "<group>"; };
		BF0BA88C213238820063D3E1 /* ForceCast.swift */ = {isa = PBXFileReference; fileEncoding = 4; lastKnownFileType = sourcecode.swift; path = ForceCast.swift; sourceTree = "<group>"; };
		BF0BA88D213238820063D3E1 /* Extensions.swift */ = {isa = PBXFileReference; fileEncoding = 4; lastKnownFileType = sourcecode.swift; path = Extensions.swift; sourceTree = "<group>"; };
		BF0BA89B213238820063D3E1 /* BasePresenterInput.swift */ = {isa = PBXFileReference; fileEncoding = 4; lastKnownFileType = sourcecode.swift; path = BasePresenterInput.swift; sourceTree = "<group>"; };
		BF0BA89D213238820063D3E1 /* BaseWireframe.swift */ = {isa = PBXFileReference; fileEncoding = 4; lastKnownFileType = sourcecode.swift; path = BaseWireframe.swift; sourceTree = "<group>"; };
		BF0BA89F213238820063D3E1 /* BaseCollectionViewCell.swift */ = {isa = PBXFileReference; fileEncoding = 4; lastKnownFileType = sourcecode.swift; path = BaseCollectionViewCell.swift; sourceTree = "<group>"; };
		BF0BA8A0213238820063D3E1 /* BaseViewInput.swift */ = {isa = PBXFileReference; fileEncoding = 4; lastKnownFileType = sourcecode.swift; path = BaseViewInput.swift; sourceTree = "<group>"; };
		BF0BA8A2213238820063D3E1 /* BaseInteractorInput.swift */ = {isa = PBXFileReference; fileEncoding = 4; lastKnownFileType = sourcecode.swift; path = BaseInteractorInput.swift; sourceTree = "<group>"; };
		BF0BA8A4213238820063D3E1 /* ColorProvider.swift */ = {isa = PBXFileReference; fileEncoding = 4; lastKnownFileType = sourcecode.swift; path = ColorProvider.swift; sourceTree = "<group>"; };
		BF0BA8A5213238820063D3E1 /* FontProvider.swift */ = {isa = PBXFileReference; fileEncoding = 4; lastKnownFileType = sourcecode.swift; path = FontProvider.swift; sourceTree = "<group>"; };
		BF0BA8A8213238820063D3E1 /* BaseViewController.swift */ = {isa = PBXFileReference; fileEncoding = 4; lastKnownFileType = sourcecode.swift; path = BaseViewController.swift; sourceTree = "<group>"; };
		BF0BA8A9213238820063D3E1 /* NavigationController.swift */ = {isa = PBXFileReference; fileEncoding = 4; lastKnownFileType = sourcecode.swift; path = NavigationController.swift; sourceTree = "<group>"; };
		BF3084D2213243220022D6A7 /* Localizable.strings */ = {isa = PBXFileReference; fileEncoding = 4; lastKnownFileType = text.plist.strings; path = Localizable.strings; sourceTree = "<group>"; };
		BF35F19424369C620017B422 /* APIErrorCode.swift */ = {isa = PBXFileReference; fileEncoding = 4; lastKnownFileType = sourcecode.swift; path = APIErrorCode.swift; sourceTree = "<group>"; };
		BF35F19524369C620017B422 /* APIClient.swift */ = {isa = PBXFileReference; fileEncoding = 4; lastKnownFileType = sourcecode.swift; path = APIClient.swift; sourceTree = "<group>"; };
		BF35F19624369C620017B422 /* ServerInformation.plist */ = {isa = PBXFileReference; fileEncoding = 4; lastKnownFileType = text.plist.xml; path = ServerInformation.plist; sourceTree = "<group>"; };
		BF35F19924369C620017B422 /* MovieNowPlayingResponse.swift */ = {isa = PBXFileReference; fileEncoding = 4; lastKnownFileType = sourcecode.swift; name = MovieNowPlayingResponse.swift; path = ../MovieNowPlayingResponse.swift; sourceTree = "<group>"; };
		BF35F19B24369C620017B422 /* BaseRequest.swift */ = {isa = PBXFileReference; fileEncoding = 4; lastKnownFileType = sourcecode.swift; path = BaseRequest.swift; sourceTree = "<group>"; };
		BF35F19F24369C620017B422 /* MovieNowPlayingRequest.swift */ = {isa = PBXFileReference; fileEncoding = 4; lastKnownFileType = sourcecode.swift; path = MovieNowPlayingRequest.swift; sourceTree = "<group>"; };
		BF35F1A024369C620017B422 /* BlockoError.swift */ = {isa = PBXFileReference; fileEncoding = 4; lastKnownFileType = sourcecode.swift; path = BlockoError.swift; sourceTree = "<group>"; };
		BF35F1A224369C620017B422 /* BaseInteractorProtocol.swift */ = {isa = PBXFileReference; fileEncoding = 4; lastKnownFileType = sourcecode.swift; path = BaseInteractorProtocol.swift; sourceTree = "<group>"; };
		BF35F1AF2436A19D0017B422 /* Connectivity.swift */ = {isa = PBXFileReference; lastKnownFileType = sourcecode.swift; path = Connectivity.swift; sourceTree = "<group>"; };
		BF35F1B12436A30B0017B422 /* LumberjackLogFormatter.swift */ = {isa = PBXFileReference; lastKnownFileType = sourcecode.swift; path = LumberjackLogFormatter.swift; sourceTree = "<group>"; };
		BF35F1B32436A3380017B422 /* EnumEntities.swift */ = {isa = PBXFileReference; lastKnownFileType = sourcecode.swift; path = EnumEntities.swift; sourceTree = "<group>"; };
		BF35F1B52436A7920017B422 /* BaseProvider.swift */ = {isa = PBXFileReference; lastKnownFileType = sourcecode.swift; path = BaseProvider.swift; sourceTree = "<group>"; };
		BF35F1B7243761A20017B422 /* R.generated.swift */ = {isa = PBXFileReference; fileEncoding = 4; lastKnownFileType = sourcecode.swift; path = R.generated.swift; sourceTree = "<group>"; };
		BF35F1B9243763D10017B422 /* CommonDataSourceProtocol.swift */ = {isa = PBXFileReference; lastKnownFileType = sourcecode.swift; path = CommonDataSourceProtocol.swift; sourceTree = "<group>"; };
		BF35F1BB2437667B0017B422 /* BaseView.swift */ = {isa = PBXFileReference; fileEncoding = 4; lastKnownFileType = sourcecode.swift; path = BaseView.swift; sourceTree = "<group>"; };
		BF35F1BF24376C570017B422 /* Spinner.swift */ = {isa = PBXFileReference; lastKnownFileType = sourcecode.swift; path = Spinner.swift; sourceTree = "<group>"; };
		BF35F1C124376C810017B422 /* NavigationBarElementsFactory.swift */ = {isa = PBXFileReference; lastKnownFileType = sourcecode.swift; path = NavigationBarElementsFactory.swift; sourceTree = "<group>"; };
		BF35F1C324376E9E0017B422 /* MovieCell.swift */ = {isa = PBXFileReference; lastKnownFileType = sourcecode.swift; path = MovieCell.swift; sourceTree = "<group>"; };
		BF35F1C524376EBB0017B422 /* MovieCellView.swift */ = {isa = PBXFileReference; lastKnownFileType = sourcecode.swift; path = MovieCellView.swift; sourceTree = "<group>"; };
		BF35F1C92437724F0017B422 /* BlurredView.swift */ = {isa = PBXFileReference; fileEncoding = 4; lastKnownFileType = sourcecode.swift; path = BlurredView.swift; sourceTree = "<group>"; };
		BF35F1CA2437724F0017B422 /* BlurredLabelView.swift */ = {isa = PBXFileReference; fileEncoding = 4; lastKnownFileType = sourcecode.swift; path = BlurredLabelView.swift; sourceTree = "<group>"; };
		BF35F1CD243774730017B422 /* EmptyTableView.swift */ = {isa = PBXFileReference; lastKnownFileType = sourcecode.swift; path = EmptyTableView.swift; sourceTree = "<group>"; };
		BF35F1D02437D1260017B422 /* CustomScrollView.swift */ = {isa = PBXFileReference; lastKnownFileType = sourcecode.swift; path = CustomScrollView.swift; sourceTree = "<group>"; };
		BFE1FCD621322B66005EE8CD /* blocko.app */ = {isa = PBXFileReference; explicitFileType = wrapper.application; includeInIndex = 0; path = blocko.app; sourceTree = BUILT_PRODUCTS_DIR; };
		BFE1FCD921322B66005EE8CD /* AppDelegate.swift */ = {isa = PBXFileReference; lastKnownFileType = sourcecode.swift; path = AppDelegate.swift; sourceTree = "<group>"; };
		BFE1FCDB21322B66005EE8CD /* ViewController.swift */ = {isa = PBXFileReference; lastKnownFileType = sourcecode.swift; path = ViewController.swift; sourceTree = "<group>"; };
		BFE1FCDE21322B66005EE8CD /* Base */ = {isa = PBXFileReference; lastKnownFileType = file.storyboard; name = Base; path = Base.lproj/Main.storyboard; sourceTree = "<group>"; };
		BFE1FCE021322B6B005EE8CD /* Assets.xcassets */ = {isa = PBXFileReference; lastKnownFileType = folder.assetcatalog; path = Assets.xcassets; sourceTree = "<group>"; };
		BFE1FCE321322B6B005EE8CD /* Base */ = {isa = PBXFileReference; lastKnownFileType = file.storyboard; name = Base; path = Base.lproj/LaunchScreen.storyboard; sourceTree = "<group>"; };
		BFE1FCE521322B6B005EE8CD /* Info.plist */ = {isa = PBXFileReference; lastKnownFileType = text.plist.xml; path = Info.plist; sourceTree = "<group>"; };
/* End PBXFileReference section */

/* Begin PBXFrameworksBuildPhase section */
		BFE1FCD321322B66005EE8CD /* Frameworks */ = {
			isa = PBXFrameworksBuildPhase;
			buildActionMask = 2147483647;
			files = (
				F2B5BFFA170BB1717B95E0D0 /* Pods_blocko.framework in Frameworks */,
			);
			runOnlyForDeploymentPostprocessing = 0;
		};
/* End PBXFrameworksBuildPhase section */

/* Begin PBXGroup section */
		0299C12C4138DC8771A847FA /* Frameworks */ = {
			isa = PBXGroup;
			children = (
				B7A86B544A339B2221AA4B40 /* Pods_blocko.framework */,
			);
			name = Frameworks;
			sourceTree = "<group>";
		};
		35B2FA27C52DE5B7569AA161 /* Pods */ = {
			isa = PBXGroup;
			children = (
				36EB488BF0AC339731CADA58 /* Pods-blocko.debug.xcconfig */,
				B21AE3C85CCE2A1DB6DDD71D /* Pods-blocko.release.xcconfig */,
				48363E652CFAB952AD6F321A /* Pods-blockoTests.debug.xcconfig */,
				01B704D810E1821B2BC0A327 /* Pods-blockoTests.release.xcconfig */,
			);
			name = Pods;
			sourceTree = "<group>";
		};
		398C4F564B68AD581C3CFFAD /* Wireframe */ = {
			isa = PBXGroup;
			children = (
				608536CA9DED084656C47354 /* MoviesModuleWireframe.swift */,
			);
			path = Wireframe;
			sourceTree = "<group>";
		};
		41526408348BFC64CBBA5F58 /* Wireframe */ = {
			isa = PBXGroup;
			children = (
				94008A0FE5179714265CAAEA /* MovieDetailsModuleWireframe.swift */,
			);
			path = Wireframe;
			sourceTree = "<group>";
		};
		4166B04C0ECFE5BB2C31BDF1 /* MovieDetailsModule */ = {
			isa = PBXGroup;
			children = (
				7E4974A6866DC716A4F763E9 /* View */,
				E76AC628A1D5EA58FC69BF4C /* Presenter */,
				E7523C9B5AB1231538ECB374 /* Interactor */,
				41526408348BFC64CBBA5F58 /* Wireframe */,
			);
			path = MovieDetailsModule;
			sourceTree = "<group>";
		};
		6A1B682239CD9A8FF6694C37 /* Presenter */ = {
			isa = PBXGroup;
			children = (
				A8E7F26455C8B900F594E41D /* MoviesModulePresenter.swift */,
			);
			path = Presenter;
			sourceTree = "<group>";
		};
		7E4974A6866DC716A4F763E9 /* View */ = {
			isa = PBXGroup;
			children = (
				271D88FCD7AEEF9CB1B4CEF7 /* MovieDetailsModuleViewController.swift */,
				86948E60FBC8DB936F68FBA1 /* MovieDetailsModuleView.swift */,
			);
			path = View;
			sourceTree = "<group>";
		};
		85137D6E9369218A4733CE5D /* View */ = {
			isa = PBXGroup;
			children = (
				BF35F1CD243774730017B422 /* EmptyTableView.swift */,
				BF35F1C724376FA70017B422 /* Movie Cell */,
				1F902E9DC5D00969324368A2 /* MoviesModuleView.swift */,
				4078B8C3DAC7286F4DE0B3E8 /* MoviesModuleViewController.swift */,
			);
			path = View;
			sourceTree = "<group>";
		};
		BF0BA886213238820063D3E1 /* CustomView */ = {
			isa = PBXGroup;
			children = (
				BF35F1CF2437D1150017B422 /* ScrollView */,
				BF35F1C8243772350017B422 /* Blurred */,
				BF0BA887213238820063D3E1 /* Buttons */,
				BF0BA889213238820063D3E1 /* TabBar */,
			);
			path = CustomView;
			sourceTree = "<group>";
		};
		BF0BA887213238820063D3E1 /* Buttons */ = {
			isa = PBXGroup;
			children = (
				BF0BA888213238820063D3E1 /* BaseButton.swift */,
			);
			path = Buttons;
			sourceTree = "<group>";
		};
		BF0BA889213238820063D3E1 /* TabBar */ = {
			isa = PBXGroup;
			children = (
			);
			path = TabBar;
			sourceTree = "<group>";
		};
		BF0BA88B213238820063D3E1 /* Helpers */ = {
			isa = PBXGroup;
			children = (
				BF0BA88D213238820063D3E1 /* Extensions.swift */,
				BF0BA88C213238820063D3E1 /* ForceCast.swift */,
				BF35F1B12436A30B0017B422 /* LumberjackLogFormatter.swift */,
				BF35F1B32436A3380017B422 /* EnumEntities.swift */,
				BF35F1B9243763D10017B422 /* CommonDataSourceProtocol.swift */,
				BF35F1BF24376C570017B422 /* Spinner.swift */,
				BF35F1C124376C810017B422 /* NavigationBarElementsFactory.swift */,
			);
			path = Helpers;
			sourceTree = "<group>";
		};
		BF0BA88E213238820063D3E1 /* Modules */ = {
			isa = PBXGroup;
			children = (
				BF0BA899213238820063D3E1 /* Base */,
				E1D667CCC817754C1AA7877A /* MoviesModule */,
				4166B04C0ECFE5BB2C31BDF1 /* MovieDetailsModule */,
			);
			path = Modules;
			sourceTree = "<group>";
		};
		BF0BA899213238820063D3E1 /* Base */ = {
			isa = PBXGroup;
			children = (
				BF0BA8A1213238820063D3E1 /* Interactor */,
				BF0BA89A213238820063D3E1 /* Presenter */,
				BF0BA89E213238820063D3E1 /* View */,
				BF0BA89C213238820063D3E1 /* Wireframe */,
			);
			path = Base;
			sourceTree = "<group>";
		};
		BF0BA89A213238820063D3E1 /* Presenter */ = {
			isa = PBXGroup;
			children = (
				BF0BA89B213238820063D3E1 /* BasePresenterInput.swift */,
			);
			path = Presenter;
			sourceTree = "<group>";
		};
		BF0BA89C213238820063D3E1 /* Wireframe */ = {
			isa = PBXGroup;
			children = (
				BF0BA89D213238820063D3E1 /* BaseWireframe.swift */,
			);
			path = Wireframe;
			sourceTree = "<group>";
		};
		BF0BA89E213238820063D3E1 /* View */ = {
			isa = PBXGroup;
			children = (
				BF35F1BB2437667B0017B422 /* BaseView.swift */,
				BF0BA89F213238820063D3E1 /* BaseCollectionViewCell.swift */,
				BF0BA8A0213238820063D3E1 /* BaseViewInput.swift */,
			);
			path = View;
			sourceTree = "<group>";
		};
		BF0BA8A1213238820063D3E1 /* Interactor */ = {
			isa = PBXGroup;
			children = (
				BF0BA8A2213238820063D3E1 /* BaseInteractorInput.swift */,
			);
			path = Interactor;
			sourceTree = "<group>";
		};
		BF0BA8A3213238820063D3E1 /* Style */ = {
			isa = PBXGroup;
			children = (
				BF0BA8A4213238820063D3E1 /* ColorProvider.swift */,
				BF0BA8A5213238820063D3E1 /* FontProvider.swift */,
			);
			path = Style;
			sourceTree = "<group>";
		};
		BF0BA8A6213238820063D3E1 /* ViewControllers */ = {
			isa = PBXGroup;
			children = (
				BF0BA8A7213238820063D3E1 /* Base */,
			);
			path = ViewControllers;
			sourceTree = "<group>";
		};
		BF0BA8A7213238820063D3E1 /* Base */ = {
			isa = PBXGroup;
			children = (
				BF0BA8A8213238820063D3E1 /* BaseViewController.swift */,
				BF0BA8A9213238820063D3E1 /* NavigationController.swift */,
			);
			path = Base;
			sourceTree = "<group>";
		};
		BF35F19324369C620017B422 /* API */ = {
			isa = PBXGroup;
			children = (
				BF35F19524369C620017B422 /* APIClient.swift */,
				BF35F19424369C620017B422 /* APIErrorCode.swift */,
				BF35F1A024369C620017B422 /* BlockoError.swift */,
				BF35F1A124369C620017B422 /* Protocols */,
				BF35F19A24369C620017B422 /* Requests */,
				BF35F19724369C620017B422 /* Responses */,
				BF35F19624369C620017B422 /* ServerInformation.plist */,
				BF35F1AE2436A1920017B422 /* Tools */,
				BF35F1B52436A7920017B422 /* BaseProvider.swift */,
			);
			path = API;
			sourceTree = "<group>";
		};
		BF35F19724369C620017B422 /* Responses */ = {
			isa = PBXGroup;
			children = (
				BF35F1AD24369E8F0017B422 /* NowPlaying */,
			);
			path = Responses;
			sourceTree = "<group>";
		};
		BF35F19A24369C620017B422 /* Requests */ = {
			isa = PBXGroup;
			children = (
				BF35F19B24369C620017B422 /* BaseRequest.swift */,
				BF35F19E24369C620017B422 /* NowPlaying */,
			);
			path = Requests;
			sourceTree = "<group>";
		};
		BF35F19E24369C620017B422 /* NowPlaying */ = {
			isa = PBXGroup;
			children = (
				BF35F19F24369C620017B422 /* MovieNowPlayingRequest.swift */,
			);
			path = NowPlaying;
			sourceTree = "<group>";
		};
		BF35F1A124369C620017B422 /* Protocols */ = {
			isa = PBXGroup;
			children = (
				BF35F1A224369C620017B422 /* BaseInteractorProtocol.swift */,
			);
			path = Protocols;
			sourceTree = "<group>";
		};
		BF35F1AD24369E8F0017B422 /* NowPlaying */ = {
			isa = PBXGroup;
			children = (
				BF35F19924369C620017B422 /* MovieNowPlayingResponse.swift */,
			);
			path = NowPlaying;
			sourceTree = "<group>";
		};
		BF35F1AE2436A1920017B422 /* Tools */ = {
			isa = PBXGroup;
			children = (
				BF35F1AF2436A19D0017B422 /* Connectivity.swift */,
			);
			path = Tools;
			sourceTree = "<group>";
		};
		BF35F1C724376FA70017B422 /* Movie Cell */ = {
			isa = PBXGroup;
			children = (
				BF35F1C324376E9E0017B422 /* MovieCell.swift */,
				BF35F1C524376EBB0017B422 /* MovieCellView.swift */,
			);
			path = "Movie Cell";
			sourceTree = "<group>";
		};
		BF35F1C8243772350017B422 /* Blurred */ = {
			isa = PBXGroup;
			children = (
				BF35F1CA2437724F0017B422 /* BlurredLabelView.swift */,
				BF35F1C92437724F0017B422 /* BlurredView.swift */,
			);
			path = Blurred;
			sourceTree = "<group>";
		};
		BF35F1CF2437D1150017B422 /* ScrollView */ = {
			isa = PBXGroup;
			children = (
				BF35F1D02437D1260017B422 /* CustomScrollView.swift */,
			);
			path = ScrollView;
			sourceTree = "<group>";
		};
		BF41E4EF2132376200943DA3 /* Supporting Files */ = {
			isa = PBXGroup;
			children = (
				BFE1FCD921322B66005EE8CD /* AppDelegate.swift */,
				BFE1FCE021322B6B005EE8CD /* Assets.xcassets */,
				BFE1FCE521322B6B005EE8CD /* Info.plist */,
				BFE1FCE221322B6B005EE8CD /* LaunchScreen.storyboard */,
				BF3084D2213243220022D6A7 /* Localizable.strings */,
				BFE1FCDD21322B66005EE8CD /* Main.storyboard */,
				BFE1FCDB21322B66005EE8CD /* ViewController.swift */,
				BF35F1B7243761A20017B422 /* R.generated.swift */,
			);
			path = "Supporting Files";
			sourceTree = "<group>";
		};
		BFE1FCCD21322B66005EE8CD = {
			isa = PBXGroup;
			children = (
				BFE1FCD821322B66005EE8CD /* blocko */,
				35B2FA27C52DE5B7569AA161 /* Pods */,
				BFE1FCD721322B66005EE8CD /* Products */,
				0299C12C4138DC8771A847FA /* Frameworks */,
			);
			sourceTree = "<group>";
		};
		BFE1FCD721322B66005EE8CD /* Products */ = {
			isa = PBXGroup;
			children = (
				BFE1FCD621322B66005EE8CD /* blocko.app */,
			);
			name = Products;
			sourceTree = "<group>";
		};
		BFE1FCD821322B66005EE8CD /* blocko */ = {
			isa = PBXGroup;
			children = (
				BF35F19324369C620017B422 /* API */,
				BF0BA886213238820063D3E1 /* CustomView */,
				BF0BA88B213238820063D3E1 /* Helpers */,
				BF0BA88E213238820063D3E1 /* Modules */,
				BF0BA8A3213238820063D3E1 /* Style */,
				BF41E4EF2132376200943DA3 /* Supporting Files */,
				BF0BA8A6213238820063D3E1 /* ViewControllers */,
			);
			path = blocko;
			sourceTree = "<group>";
		};
		E1D667CCC817754C1AA7877A /* MoviesModule */ = {
			isa = PBXGroup;
			children = (
				85137D6E9369218A4733CE5D /* View */,
				6A1B682239CD9A8FF6694C37 /* Presenter */,
				E685254F1B65DA8DE9766D85 /* Interactor */,
				398C4F564B68AD581C3CFFAD /* Wireframe */,
			);
			path = MoviesModule;
			sourceTree = "<group>";
		};
		E685254F1B65DA8DE9766D85 /* Interactor */ = {
			isa = PBXGroup;
			children = (
				9A7E8367D65AC2E903C16218 /* MoviesModuleInteractor.swift */,
			);
			path = Interactor;
			sourceTree = "<group>";
		};
		E7523C9B5AB1231538ECB374 /* Interactor */ = {
			isa = PBXGroup;
			children = (
				61A8823EE30BDC0FE7E9C23A /* MovieDetailsModuleInteractor.swift */,
			);
			path = Interactor;
			sourceTree = "<group>";
		};
		E76AC628A1D5EA58FC69BF4C /* Presenter */ = {
			isa = PBXGroup;
			children = (
				5F08F66DF9EC4BFE89E5DCD5 /* MovieDetailsModulePresenter.swift */,
			);
			path = Presenter;
			sourceTree = "<group>";
		};
/* End PBXGroup section */

/* Begin PBXNativeTarget section */
		BFE1FCD521322B66005EE8CD /* blocko */ = {
			isa = PBXNativeTarget;
			buildConfigurationList = BFE1FCFE21322B6C005EE8CD /* Build configuration list for PBXNativeTarget "blocko" */;
			buildPhases = (
				11B8C4222DD4B1580F34B652 /* [CP] Check Pods Manifest.lock */,
				BF3084D1213242900022D6A7 /* R.swift */,
				BFE1FCD221322B66005EE8CD /* Sources */,
				BFE1FCD321322B66005EE8CD /* Frameworks */,
				BFE1FCD421322B66005EE8CD /* Resources */,
				EB19482FB2E623432165F320 /* [CP] Embed Pods Frameworks */,
			);
			buildRules = (
			);
			dependencies = (
			);
			name = blocko;
			productName = blocko;
			productReference = BFE1FCD621322B66005EE8CD /* blocko.app */;
			productType = "com.apple.product-type.application";
		};
/* End PBXNativeTarget section */

/* Begin PBXProject section */
		BFE1FCCE21322B66005EE8CD /* Project object */ = {
			isa = PBXProject;
			attributes = {
				LastSwiftUpdateCheck = 0940;
				LastUpgradeCheck = 0940;
				ORGANIZATIONNAME = Appbeat;
				TargetAttributes = {
					BFE1FCD521322B66005EE8CD = {
						CreatedOnToolsVersion = 9.4.1;
						LastSwiftMigration = 1140;
						ProvisioningStyle = Automatic;
					};
				};
			};
			buildConfigurationList = BFE1FCD121322B66005EE8CD /* Build configuration list for PBXProject "blocko" */;
			compatibilityVersion = "Xcode 8.0";
			developmentRegion = en;
			hasScannedForEncodings = 0;
			knownRegions = (
				en,
				Base,
			);
			mainGroup = BFE1FCCD21322B66005EE8CD;
			productRefGroup = BFE1FCD721322B66005EE8CD /* Products */;
			projectDirPath = "";
			projectRoot = "";
			targets = (
				BFE1FCD521322B66005EE8CD /* blocko */,
			);
		};
/* End PBXProject section */

/* Begin PBXResourcesBuildPhase section */
		BFE1FCD421322B66005EE8CD /* Resources */ = {
			isa = PBXResourcesBuildPhase;
			buildActionMask = 2147483647;
			files = (
				BFE1FCE421322B6B005EE8CD /* LaunchScreen.storyboard in Resources */,
				BF3084D3213243220022D6A7 /* Localizable.strings in Resources */,
				BF35F1A524369C620017B422 /* ServerInformation.plist in Resources */,
				BFE1FCE121322B6B005EE8CD /* Assets.xcassets in Resources */,
				BFE1FCDF21322B66005EE8CD /* Main.storyboard in Resources */,
			);
			runOnlyForDeploymentPostprocessing = 0;
		};
/* End PBXResourcesBuildPhase section */

/* Begin PBXShellScriptBuildPhase section */
		11B8C4222DD4B1580F34B652 /* [CP] Check Pods Manifest.lock */ = {
			isa = PBXShellScriptBuildPhase;
			buildActionMask = 2147483647;
			files = (
			);
			inputPaths = (
				"${PODS_PODFILE_DIR_PATH}/Podfile.lock",
				"${PODS_ROOT}/Manifest.lock",
			);
			name = "[CP] Check Pods Manifest.lock";
			outputPaths = (
				"$(DERIVED_FILE_DIR)/Pods-blocko-checkManifestLockResult.txt",
			);
			runOnlyForDeploymentPostprocessing = 0;
			shellPath = /bin/sh;
			shellScript = "diff \"${PODS_PODFILE_DIR_PATH}/Podfile.lock\" \"${PODS_ROOT}/Manifest.lock\" > /dev/null\nif [ $? != 0 ] ; then\n    # print error to STDERR\n    echo \"error: The sandbox is not in sync with the Podfile.lock. Run 'pod install' or update your CocoaPods installation.\" >&2\n    exit 1\nfi\n# This output is used by Xcode 'outputs' to avoid re-running this script phase.\necho \"SUCCESS\" > \"${SCRIPT_OUTPUT_FILE_0}\"\n";
			showEnvVarsInLog = 0;
		};
		BF3084D1213242900022D6A7 /* R.swift */ = {
			isa = PBXShellScriptBuildPhase;
			buildActionMask = 2147483647;
			files = (
			);
			inputPaths = (
				"$TEMP_DIR/rswift-lastrun",
			);
			name = R.swift;
			outputPaths = (
				"$SRCROOT/blocko/Supporting Files/R.generated.swift",
			);
			runOnlyForDeploymentPostprocessing = 0;
			shellPath = /bin/sh;
			shellScript = "\"$PODS_ROOT/R.swift/rswift\" generate \"$SRCROOT/blocko/Supporting Files/R.generated.swift\"\n";
		};
		EB19482FB2E623432165F320 /* [CP] Embed Pods Frameworks */ = {
			isa = PBXShellScriptBuildPhase;
			buildActionMask = 2147483647;
			files = (
			);
			inputPaths = (
				"${PODS_ROOT}/Target Support Files/Pods-blocko/Pods-blocko-frameworks.sh",
				"${BUILT_PRODUCTS_DIR}/Alamofire/Alamofire.framework",
				"${BUILT_PRODUCTS_DIR}/CocoaLumberjack/CocoaLumberjack.framework",
				"${BUILT_PRODUCTS_DIR}/Kingfisher/Kingfisher.framework",
				"${BUILT_PRODUCTS_DIR}/MarqueeLabel/MarqueeLabel.framework",
				"${BUILT_PRODUCTS_DIR}/NotificationBannerSwift/NotificationBannerSwift.framework",
				"${BUILT_PRODUCTS_DIR}/R.swift.Library/Rswift.framework",
				"${BUILT_PRODUCTS_DIR}/Reusable/Reusable.framework",
				"${BUILT_PRODUCTS_DIR}/RxCocoa/RxCocoa.framework",
				"${BUILT_PRODUCTS_DIR}/RxRelay/RxRelay.framework",
				"${BUILT_PRODUCTS_DIR}/RxSwift/RxSwift.framework",
				"${BUILT_PRODUCTS_DIR}/SnapKit/SnapKit.framework",
			);
			name = "[CP] Embed Pods Frameworks";
			outputPaths = (
				"${TARGET_BUILD_DIR}/${FRAMEWORKS_FOLDER_PATH}/Alamofire.framework",
				"${TARGET_BUILD_DIR}/${FRAMEWORKS_FOLDER_PATH}/CocoaLumberjack.framework",
				"${TARGET_BUILD_DIR}/${FRAMEWORKS_FOLDER_PATH}/Kingfisher.framework",
				"${TARGET_BUILD_DIR}/${FRAMEWORKS_FOLDER_PATH}/MarqueeLabel.framework",
				"${TARGET_BUILD_DIR}/${FRAMEWORKS_FOLDER_PATH}/NotificationBannerSwift.framework",
				"${TARGET_BUILD_DIR}/${FRAMEWORKS_FOLDER_PATH}/Rswift.framework",
				"${TARGET_BUILD_DIR}/${FRAMEWORKS_FOLDER_PATH}/Reusable.framework",
				"${TARGET_BUILD_DIR}/${FRAMEWORKS_FOLDER_PATH}/RxCocoa.framework",
				"${TARGET_BUILD_DIR}/${FRAMEWORKS_FOLDER_PATH}/RxRelay.framework",
				"${TARGET_BUILD_DIR}/${FRAMEWORKS_FOLDER_PATH}/RxSwift.framework",
				"${TARGET_BUILD_DIR}/${FRAMEWORKS_FOLDER_PATH}/SnapKit.framework",
			);
			runOnlyForDeploymentPostprocessing = 0;
			shellPath = /bin/sh;
			shellScript = "\"${PODS_ROOT}/Target Support Files/Pods-blocko/Pods-blocko-frameworks.sh\"\n";
			showEnvVarsInLog = 0;
		};
/* End PBXShellScriptBuildPhase section */

/* Begin PBXSourcesBuildPhase section */
		BFE1FCD221322B66005EE8CD /* Sources */ = {
			isa = PBXSourcesBuildPhase;
			buildActionMask = 2147483647;
			files = (
				BF35F1AB24369C620017B422 /* BlockoError.swift in Sources */,
				BF35F1B8243761A20017B422 /* R.generated.swift in Sources */,
				BF35F1B02436A19D0017B422 /* Connectivity.swift in Sources */,
				BF0BA8B9213238820063D3E1 /* FontProvider.swift in Sources */,
				BF0BA8B5213238820063D3E1 /* BaseCollectionViewCell.swift in Sources */,
				BF35F1A824369C620017B422 /* BaseRequest.swift in Sources */,
				BF0BA8BA213238820063D3E1 /* BaseViewController.swift in Sources */,
				BF0BA8B6213238820063D3E1 /* BaseViewInput.swift in Sources */,
				BF35F1AA24369C620017B422 /* MovieNowPlayingRequest.swift in Sources */,
				BF0BA8B4213238820063D3E1 /* BaseWireframe.swift in Sources */,
				BF0BA8AD213238820063D3E1 /* Extensions.swift in Sources */,
				BF0BA8AC213238820063D3E1 /* ForceCast.swift in Sources */,
				BFE1FCDC21322B66005EE8CD /* ViewController.swift in Sources */,
				BF35F1A724369C620017B422 /* MovieNowPlayingResponse.swift in Sources */,
				BF35F1D12437D1260017B422 /* CustomScrollView.swift in Sources */,
				BF0BA8B8213238820063D3E1 /* ColorProvider.swift in Sources */,
				BF0BA8B7213238820063D3E1 /* BaseInteractorInput.swift in Sources */,
				BF35F1AC24369C620017B422 /* BaseInteractorProtocol.swift in Sources */,
				BF35F1B62436A7920017B422 /* BaseProvider.swift in Sources */,
				BF35F1A424369C620017B422 /* APIClient.swift in Sources */,
				BF35F1CC2437724F0017B422 /* BlurredLabelView.swift in Sources */,
				BF35F1A324369C620017B422 /* APIErrorCode.swift in Sources */,
				BF35F1CE243774730017B422 /* EmptyTableView.swift in Sources */,
				BF35F1BA243763D10017B422 /* CommonDataSourceProtocol.swift in Sources */,
				BF35F1B42436A3380017B422 /* EnumEntities.swift in Sources */,
				BF35F1CB2437724F0017B422 /* BlurredView.swift in Sources */,
				BF0BA8AA213238820063D3E1 /* BaseButton.swift in Sources */,
				BF35F1C024376C580017B422 /* Spinner.swift in Sources */,
				BFE1FCDA21322B66005EE8CD /* AppDelegate.swift in Sources */,
				BF0BA8BB213238820063D3E1 /* NavigationController.swift in Sources */,
				BF0BA8B3213238820063D3E1 /* BasePresenterInput.swift in Sources */,
				BF35F1C424376E9E0017B422 /* MovieCell.swift in Sources */,
				BF35F1BC2437667B0017B422 /* BaseView.swift in Sources */,
				BF35F1B22436A30B0017B422 /* LumberjackLogFormatter.swift in Sources */,
				DF10A8E9A7B2AC40243993B4 /* MoviesModuleViewController.swift in Sources */,
				BF35F1C224376C810017B422 /* NavigationBarElementsFactory.swift in Sources */,
				BF35F1C624376EBB0017B422 /* MovieCellView.swift in Sources */,
				155C996CADF21B7E6D8208C3 /* MoviesModuleView.swift in Sources */,
				A07907B80ABE8A71D5303C6E /* MoviesModulePresenter.swift in Sources */,
				F4470C36D87AA11D5672B0AF /* MoviesModuleInteractor.swift in Sources */,
				60EDE7CEA04EEF6D7E360E91 /* MoviesModuleWireframe.swift in Sources */,
				5698C799C63991940C80FA84 /* MovieDetailsModuleViewController.swift in Sources */,
				154DC3C62F711F78C34F093C /* MovieDetailsModuleView.swift in Sources */,
				9B137249BA15DB48CA63F743 /* MovieDetailsModulePresenter.swift in Sources */,
				E3AFF1EA422F757F1CE38382 /* MovieDetailsModuleInteractor.swift in Sources */,
				72BDA0CC141851D7D83CD9FB /* MovieDetailsModuleWireframe.swift in Sources */,
			);
			runOnlyForDeploymentPostprocessing = 0;
		};
/* End PBXSourcesBuildPhase section */

/* Begin PBXVariantGroup section */
		BFE1FCDD21322B66005EE8CD /* Main.storyboard */ = {
			isa = PBXVariantGroup;
			children = (
				BFE1FCDE21322B66005EE8CD /* Base */,
			);
			name = Main.storyboard;
			path = .;
			sourceTree = "<group>";
		};
		BFE1FCE221322B6B005EE8CD /* LaunchScreen.storyboard */ = {
			isa = PBXVariantGroup;
			children = (
				BFE1FCE321322B6B005EE8CD /* Base */,
			);
			name = LaunchScreen.storyboard;
			path = .;
			sourceTree = "<group>";
		};
/* End PBXVariantGroup section */

/* Begin XCBuildConfiguration section */
		BFE1FCFC21322B6C005EE8CD /* Debug */ = {
			isa = XCBuildConfiguration;
			buildSettings = {
				ALWAYS_SEARCH_USER_PATHS = NO;
				CLANG_ANALYZER_NONNULL = YES;
				CLANG_ANALYZER_NUMBER_OBJECT_CONVERSION = YES_AGGRESSIVE;
				CLANG_CXX_LANGUAGE_STANDARD = "gnu++14";
				CLANG_CXX_LIBRARY = "libc++";
				CLANG_ENABLE_MODULES = YES;
				CLANG_ENABLE_OBJC_ARC = YES;
				CLANG_ENABLE_OBJC_WEAK = YES;
				CLANG_WARN_BLOCK_CAPTURE_AUTORELEASING = YES;
				CLANG_WARN_BOOL_CONVERSION = YES;
				CLANG_WARN_COMMA = YES;
				CLANG_WARN_CONSTANT_CONVERSION = YES;
				CLANG_WARN_DEPRECATED_OBJC_IMPLEMENTATIONS = YES;
				CLANG_WARN_DIRECT_OBJC_ISA_USAGE = YES_ERROR;
				CLANG_WARN_DOCUMENTATION_COMMENTS = YES;
				CLANG_WARN_EMPTY_BODY = YES;
				CLANG_WARN_ENUM_CONVERSION = YES;
				CLANG_WARN_INFINITE_RECURSION = YES;
				CLANG_WARN_INT_CONVERSION = YES;
				CLANG_WARN_NON_LITERAL_NULL_CONVERSION = YES;
				CLANG_WARN_OBJC_IMPLICIT_RETAIN_SELF = YES;
				CLANG_WARN_OBJC_LITERAL_CONVERSION = YES;
				CLANG_WARN_OBJC_ROOT_CLASS = YES_ERROR;
				CLANG_WARN_RANGE_LOOP_ANALYSIS = YES;
				CLANG_WARN_STRICT_PROTOTYPES = YES;
				CLANG_WARN_SUSPICIOUS_MOVE = YES;
				CLANG_WARN_UNGUARDED_AVAILABILITY = YES_AGGRESSIVE;
				CLANG_WARN_UNREACHABLE_CODE = YES;
				CLANG_WARN__DUPLICATE_METHOD_MATCH = YES;
				CODE_SIGN_IDENTITY = "iPhone Developer";
				COPY_PHASE_STRIP = NO;
				DEBUG_INFORMATION_FORMAT = dwarf;
				ENABLE_STRICT_OBJC_MSGSEND = YES;
				ENABLE_TESTABILITY = YES;
				GCC_C_LANGUAGE_STANDARD = gnu11;
				GCC_DYNAMIC_NO_PIC = NO;
				GCC_NO_COMMON_BLOCKS = YES;
				GCC_OPTIMIZATION_LEVEL = 0;
				GCC_PREPROCESSOR_DEFINITIONS = (
					"DEBUG=1",
					"$(inherited)",
				);
				GCC_WARN_64_TO_32_BIT_CONVERSION = YES;
				GCC_WARN_ABOUT_RETURN_TYPE = YES_ERROR;
				GCC_WARN_UNDECLARED_SELECTOR = YES;
				GCC_WARN_UNINITIALIZED_AUTOS = YES_AGGRESSIVE;
				GCC_WARN_UNUSED_FUNCTION = YES;
				GCC_WARN_UNUSED_VARIABLE = YES;
				IPHONEOS_DEPLOYMENT_TARGET = 10.0;
				MTL_ENABLE_DEBUG_INFO = YES;
				ONLY_ACTIVE_ARCH = YES;
				SDKROOT = iphoneos;
				SWIFT_ACTIVE_COMPILATION_CONDITIONS = DEBUG;
				SWIFT_OPTIMIZATION_LEVEL = "-Onone";
			};
			name = Debug;
		};
		BFE1FCFD21322B6C005EE8CD /* Release */ = {
			isa = XCBuildConfiguration;
			buildSettings = {
				ALWAYS_SEARCH_USER_PATHS = NO;
				CLANG_ANALYZER_NONNULL = YES;
				CLANG_ANALYZER_NUMBER_OBJECT_CONVERSION = YES_AGGRESSIVE;
				CLANG_CXX_LANGUAGE_STANDARD = "gnu++14";
				CLANG_CXX_LIBRARY = "libc++";
				CLANG_ENABLE_MODULES = YES;
				CLANG_ENABLE_OBJC_ARC = YES;
				CLANG_ENABLE_OBJC_WEAK = YES;
				CLANG_WARN_BLOCK_CAPTURE_AUTORELEASING = YES;
				CLANG_WARN_BOOL_CONVERSION = YES;
				CLANG_WARN_COMMA = YES;
				CLANG_WARN_CONSTANT_CONVERSION = YES;
				CLANG_WARN_DEPRECATED_OBJC_IMPLEMENTATIONS = YES;
				CLANG_WARN_DIRECT_OBJC_ISA_USAGE = YES_ERROR;
				CLANG_WARN_DOCUMENTATION_COMMENTS = YES;
				CLANG_WARN_EMPTY_BODY = YES;
				CLANG_WARN_ENUM_CONVERSION = YES;
				CLANG_WARN_INFINITE_RECURSION = YES;
				CLANG_WARN_INT_CONVERSION = YES;
				CLANG_WARN_NON_LITERAL_NULL_CONVERSION = YES;
				CLANG_WARN_OBJC_IMPLICIT_RETAIN_SELF = YES;
				CLANG_WARN_OBJC_LITERAL_CONVERSION = YES;
				CLANG_WARN_OBJC_ROOT_CLASS = YES_ERROR;
				CLANG_WARN_RANGE_LOOP_ANALYSIS = YES;
				CLANG_WARN_STRICT_PROTOTYPES = YES;
				CLANG_WARN_SUSPICIOUS_MOVE = YES;
				CLANG_WARN_UNGUARDED_AVAILABILITY = YES_AGGRESSIVE;
				CLANG_WARN_UNREACHABLE_CODE = YES;
				CLANG_WARN__DUPLICATE_METHOD_MATCH = YES;
				CODE_SIGN_IDENTITY = "iPhone Developer";
				COPY_PHASE_STRIP = NO;
				DEBUG_INFORMATION_FORMAT = "dwarf-with-dsym";
				ENABLE_NS_ASSERTIONS = NO;
				ENABLE_STRICT_OBJC_MSGSEND = YES;
				GCC_C_LANGUAGE_STANDARD = gnu11;
				GCC_NO_COMMON_BLOCKS = YES;
				GCC_WARN_64_TO_32_BIT_CONVERSION = YES;
				GCC_WARN_ABOUT_RETURN_TYPE = YES_ERROR;
				GCC_WARN_UNDECLARED_SELECTOR = YES;
				GCC_WARN_UNINITIALIZED_AUTOS = YES_AGGRESSIVE;
				GCC_WARN_UNUSED_FUNCTION = YES;
				GCC_WARN_UNUSED_VARIABLE = YES;
				IPHONEOS_DEPLOYMENT_TARGET = 10.0;
				MTL_ENABLE_DEBUG_INFO = NO;
				SDKROOT = iphoneos;
				SWIFT_OPTIMIZATION_LEVEL = "-Owholemodule";
				VALIDATE_PRODUCT = YES;
			};
			name = Release;
		};
		BFE1FCFF21322B6C005EE8CD /* Debug */ = {
			isa = XCBuildConfiguration;
			baseConfigurationReference = 36EB488BF0AC339731CADA58 /* Pods-blocko.debug.xcconfig */;
			buildSettings = {
				ASSETCATALOG_COMPILER_APPICON_NAME = AppIcon;
				CODE_SIGN_STYLE = Automatic;
				DEVELOPMENT_TEAM = 2GL93NK9CK;
				INFOPLIST_FILE = "$(SRCROOT)/blocko/Supporting Files/Info.plist";
				IPHONEOS_DEPLOYMENT_TARGET = 10.0;
				LD_RUNPATH_SEARCH_PATHS = "$(inherited) @executable_path/Frameworks";
				PRODUCT_BUNDLE_IDENTIFIER = pl.appbeat.dxcchallenge;
				PRODUCT_NAME = "$(TARGET_NAME)";
				SWIFT_VERSION = 5.0;
				TARGETED_DEVICE_FAMILY = "1,2";
			};
			name = Debug;
		};
		BFE1FD0021322B6C005EE8CD /* Release */ = {
			isa = XCBuildConfiguration;
			baseConfigurationReference = B21AE3C85CCE2A1DB6DDD71D /* Pods-blocko.release.xcconfig */;
			buildSettings = {
				ASSETCATALOG_COMPILER_APPICON_NAME = AppIcon;
				CODE_SIGN_STYLE = Automatic;
				DEVELOPMENT_TEAM = 2GL93NK9CK;
				INFOPLIST_FILE = "$(SRCROOT)/blocko/Supporting Files/Info.plist";
				IPHONEOS_DEPLOYMENT_TARGET = 10.0;
				LD_RUNPATH_SEARCH_PATHS = "$(inherited) @executable_path/Frameworks";
				PRODUCT_BUNDLE_IDENTIFIER = pl.appbeat.dxcchallenge;
				PRODUCT_NAME = "$(TARGET_NAME)";
				SWIFT_VERSION = 5.0;
				TARGETED_DEVICE_FAMILY = "1,2";
			};
			name = Release;
		};
/* End XCBuildConfiguration section */

/* Begin XCConfigurationList section */
		BFE1FCD121322B66005EE8CD /* Build configuration list for PBXProject "blocko" */ = {
			isa = XCConfigurationList;
			buildConfigurations = (
				BFE1FCFC21322B6C005EE8CD /* Debug */,
				BFE1FCFD21322B6C005EE8CD /* Release */,
			);
			defaultConfigurationIsVisible = 0;
			defaultConfigurationName = Release;
		};
		BFE1FCFE21322B6C005EE8CD /* Build configuration list for PBXNativeTarget "blocko" */ = {
			isa = XCConfigurationList;
			buildConfigurations = (
				BFE1FCFF21322B6C005EE8CD /* Debug */,
				BFE1FD0021322B6C005EE8CD /* Release */,
			);
			defaultConfigurationIsVisible = 0;
			defaultConfigurationName = Release;
		};
/* End XCConfigurationList section */
	};
	rootObject = BFE1FCCE21322B66005EE8CD /* Project object */;
}
